PODS:
  - AFNetworking (3.0.4):
    - AFNetworking/NSURLSession (= 3.0.4)
    - AFNetworking/Reachability (= 3.0.4)
    - AFNetworking/Security (= 3.0.4)
    - AFNetworking/Serialization (= 3.0.4)
    - AFNetworking/UIKit (= 3.0.4)
  - AFNetworking/NSURLSession (3.0.4):
    - AFNetworking/Reachability
    - AFNetworking/Security
    - AFNetworking/Serialization
  - AFNetworking/Reachability (3.0.4)
  - AFNetworking/Security (3.0.4)
  - AFNetworking/Serialization (3.0.4)
  - AFNetworking/UIKit (3.0.4):
    - AFNetworking/NSURLSession
  - AFSoundManager (2.1)
  - CJStringValidator (1.0.1)
  - CNCityPickerView (0.0.3)
  - Colours (5.13.0):
    - Colours/ObjC (= 5.13.0)
  - Colours/ObjC (5.13.0)
  - FCFileManager (1.0.17)
  - FDFullscreenPopGesture (1.1)
  - FLEX (2.3.0)
  - JDStatusBarNotification (1.5.3)
  - jot (0.1.5):
    - Masonry (~> 0.6.1)
  - JSONModel (1.2.0)
  - JTSImageViewController (1.5.1)
  - LGAlertView (2.0.13)
  - Masonry (0.6.4)
  - MBProgressHUD (0.9.2)
  - MJRefresh (3.1.0)
  - NJKWebViewProgress (0.2.3):
    - NJKWebViewProgress/Core (= 0.2.3)
    - NJKWebViewProgress/ProgressView (= 0.2.3)
  - NJKWebViewProgress/Core (0.2.3)
  - NJKWebViewProgress/ProgressView (0.2.3)
  - PEPhotoCropEditor (1.3.1)
  - RSKImageCropper (1.5.1)
  - SCRecorder (2.7.0)
  - SSZipArchive (1.1)
  - SwipeView (1.3.2)
  - Toast (3.0)
  - YYKit (1.0.1):
    - YYKit/no-arc (= 1.0.1)
  - YYKit/no-arc (1.0.1)
  - ZXingObjC (3.1.0):
    - ZXingObjC/All (= 3.1.0)
  - ZXingObjC/All (3.1.0)

DEPENDENCIES:
  - AFNetworking
  - AFSoundManager
  - CJStringValidator
  - CNCityPickerView
  - Colours
  - FCFileManager
  - FDFullscreenPopGesture
  - FLEX (~> 2.0)
  - JDStatusBarNotification
  - jot
  - JSONModel
  - JTSImageViewController
  - LGAlertView
  - MBProgressHUD
  - MJRefresh
  - NJKWebViewProgress
  - PEPhotoCropEditor
  - RSKImageCropper
  - SCRecorder
  - SSZipArchive
  - SwipeView
  - Toast
  - YYKit
  - ZXingObjC

SPEC CHECKSUMS:
  AFNetworking: a0075feb321559dc78d9d85b55d11caa19eabb93
  AFSoundManager: 232af6154e736e6b2d8c93fafebfafd14fad7510
  CJStringValidator: 8138094f1f9702b5b1f43c289e6c9bf51ae2b465
  CNCityPickerView: c56aa7a5fa0918fd27946d2186234b6fd0ffa511
  Colours: f24220c38f13deac88612667e9b4a7fb96b871d4
  FCFileManager: 8bfc931ce2a6223676147e9baf0e8a65c691eca6
  FDFullscreenPopGesture: a8a620179e3d9c40e8e00256dcee1c1a27c6d0f0
  FLEX: ba80ea13d2c784e85e616137fd4eff164781e364
  JDStatusBarNotification: 29413865af11c862c17180610b0f46a21118b412
  jot: 0f5dc333defa6ad805d01adc3834b201c22510a7
  JSONModel: 12523685c4b623553ccf844bbbf7007624317b2c
  JTSImageViewController: 1f8ce1cc93dab0d0af8e53badeea7528560cfec9
  LGAlertView: 9a5dcbf4f81b02b718083539d7f222280adc9547
  Masonry: 281802d04d787ea2973179ee8bcb50500579ede2
  MBProgressHUD: 1569cf7ace17a8bac47aabfbb8580a49690386d1
  MJRefresh: 743e6404967d1c2c688472ea3ecfde247d872db4
  NJKWebViewProgress: f481fd424cb5ecc27eacae11b5397db92fba9a4d
  PEPhotoCropEditor: 613292fce009efd085e7aed975f1ebb3fec8bb7b
  RSKImageCropper: edd65fedb3734332818deb139906d6b7f54b8a44
  SCRecorder: bbb521dbc222908876ec9cd9156bbc8a893bed44
  SSZipArchive: de3d215ab73f87db627f81f2ce24f1731e3886c3
  SwipeView: bd67cfaf7760c036438446b3ccb28a3b84fce009
  Toast: 32c59229abfcf41850162b83bb9259dc84372473
  YYKit: 8b618ca8d8cefa534d8d4fe2cad10fe9fbd030ed
  ZXingObjC: bf15b3814f7a105b6d99f47da2333c93a063650a

PODFILE CHECKSUM: d9cf6ac7f4b71dc440b6f01f5ec2476688e113e1

COCOAPODS: 1.0.0.beta.4
