// !$*UTF8*$!
{
	archiveVersion = 1;
	classes = {
	};
	objectVersion = 46;
	objects = {

/* Begin PBXBuildFile section */
		0F03A42E1C85317000C32FC8 /* CourtesyCardComposeViewController.m in Sources */ = {isa = PBXBuildFile; fileRef = 0F03A42D1C85317000C32FC8 /* CourtesyCardComposeViewController.m */; };
		0F90DC171C844A5B00607277 /* AppDelegate.m in Sources */ = {isa = PBXBuildFile; fileRef = 0F90DC131C844A5B00607277 /* AppDelegate.m */; };
		0F90DC181C844A5B00607277 /* GlobalSettings.m in Sources */ = {isa = PBXBuildFile; fileRef = 0F90DC151C844A5B00607277 /* GlobalSettings.m */; };
		0F90DC1B1C844A9D00607277 /* Images.xcassets in Resources */ = {isa = PBXBuildFile; fileRef = 0F90DC191C844A9D00607277 /* Images.xcassets */; };
		0F90DC1C1C844A9D00607277 /* kisssound.wav in Resources */ = {isa = PBXBuildFile; fileRef = 0F90DC1A1C844A9D00607277 /* kisssound.wav */; };
		0F90DC1F1C844AEE00607277 /* CourtesyCommonRequestModel.m in Sources */ = {isa = PBXBuildFile; fileRef = 0F90DC1E1C844AEE00607277 /* CourtesyCommonRequestModel.m */; };
		0F90DC221C844B0900607277 /* CourtesyLoginRegisterModel.m in Sources */ = {isa = PBXBuildFile; fileRef = 0F90DC211C844B0900607277 /* CourtesyLoginRegisterModel.m */; };
		0F90DC251C844B2300607277 /* CourtesyAccountProfileModel.m in Sources */ = {isa = PBXBuildFile; fileRef = 0F90DC241C844B2300607277 /* CourtesyAccountProfileModel.m */; };
		0F90DC281C844B3B00607277 /* CourtesyAccountModel.m in Sources */ = {isa = PBXBuildFile; fileRef = 0F90DC271C844B3B00607277 /* CourtesyAccountModel.m */; };
		0F90DC2B1C844B5F00607277 /* CourtesyQRCodeModel.m in Sources */ = {isa = PBXBuildFile; fileRef = 0F90DC2A1C844B5F00607277 /* CourtesyQRCodeModel.m */; };
		0F90DC361C844B9800607277 /* NSArray+QueryItems.m in Sources */ = {isa = PBXBuildFile; fileRef = 0F90DC2D1C844B9800607277 /* NSArray+QueryItems.m */; };
		0F90DC371C844B9800607277 /* NSDate+Astro.m in Sources */ = {isa = PBXBuildFile; fileRef = 0F90DC2F1C844B9800607277 /* NSDate+Astro.m */; };
		0F90DC381C844B9800607277 /* NSDictionary+Subscript.m in Sources */ = {isa = PBXBuildFile; fileRef = 0F90DC311C844B9800607277 /* NSDictionary+Subscript.m */; };
		0F90DC391C844B9800607277 /* NSNotificationCenter+Action.m in Sources */ = {isa = PBXBuildFile; fileRef = 0F90DC331C844B9800607277 /* NSNotificationCenter+Action.m */; };
		0F90DC3A1C844B9800607277 /* UIView+FrameMethods.m in Sources */ = {isa = PBXBuildFile; fileRef = 0F90DC351C844B9800607277 /* UIView+FrameMethods.m */; };
		0F90DC3F1C844BB600607277 /* area.plist in Resources */ = {isa = PBXBuildFile; fileRef = 0F90DC3B1C844BB600607277 /* area.plist */; };
		0F90DC401C844BB600607277 /* Courtesy.entitlements in Resources */ = {isa = PBXBuildFile; fileRef = 0F90DC3C1C844BB600607277 /* Courtesy.entitlements */; };
		0F90DC421C844BB600607277 /* main.m in Sources */ = {isa = PBXBuildFile; fileRef = 0F90DC3E1C844BB600607277 /* main.m */; };
		0F90DC431C844C4E00607277 /* Drawers.storyboard in Resources */ = {isa = PBXBuildFile; fileRef = 0FBBF7141C78BD4700A0A2D1 /* Drawers.storyboard */; };
		0F90DC461C844D2400607277 /* CourtesyPortraitViewController.m in Sources */ = {isa = PBXBuildFile; fileRef = 0F90DC451C844D2400607277 /* CourtesyPortraitViewController.m */; };
		0F90DC4E1C844D4F00607277 /* CourtesyLoginRegisterTextField.m in Sources */ = {isa = PBXBuildFile; fileRef = 0F90DC481C844D4F00607277 /* CourtesyLoginRegisterTextField.m */; };
		0F90DC4F1C844D4F00607277 /* CourtesyLoginRegisterViewController.m in Sources */ = {isa = PBXBuildFile; fileRef = 0F90DC4A1C844D4F00607277 /* CourtesyLoginRegisterViewController.m */; };
		0F90DC501C844D4F00607277 /* CourtesyLoginRegisterViewController.xib in Resources */ = {isa = PBXBuildFile; fileRef = 0F90DC4B1C844D4F00607277 /* CourtesyLoginRegisterViewController.xib */; };
		0F90DC511C844D4F00607277 /* CourtesyQuickLoginButton.m in Sources */ = {isa = PBXBuildFile; fileRef = 0F90DC4D1C844D4F00607277 /* CourtesyQuickLoginButton.m */; };
		0F90DC541C844DAB00607277 /* CourtesyProfileTableViewController.m in Sources */ = {isa = PBXBuildFile; fileRef = 0F90DC531C844DAB00607277 /* CourtesyProfileTableViewController.m */; };
		0F90DC671C844E2C00607277 /* CourtesyProfileBirthdayTableViewController.m in Sources */ = {isa = PBXBuildFile; fileRef = 0F90DC571C844E2C00607277 /* CourtesyProfileBirthdayTableViewController.m */; };
		0F90DC681C844E2C00607277 /* CourtesyProfileCityTableViewController.m in Sources */ = {isa = PBXBuildFile; fileRef = 0F90DC5A1C844E2C00607277 /* CourtesyProfileCityTableViewController.m */; };
		0F90DC691C844E2C00607277 /* CourtesyProfileGenderTableViewController.m in Sources */ = {isa = PBXBuildFile; fileRef = 0F90DC5D1C844E2C00607277 /* CourtesyProfileGenderTableViewController.m */; };
		0F90DC6A1C844E2C00607277 /* CourtesyProfileIntroductionTableViewController.m in Sources */ = {isa = PBXBuildFile; fileRef = 0F90DC601C844E2C00607277 /* CourtesyProfileIntroductionTableViewController.m */; };
		0F90DC6B1C844E2C00607277 /* CourtesyProfileMobileTableViewController.m in Sources */ = {isa = PBXBuildFile; fileRef = 0F90DC631C844E2C00607277 /* CourtesyProfileMobileTableViewController.m */; };
		0F90DC6C1C844E2C00607277 /* CourtesyProfileNickTableViewController.m in Sources */ = {isa = PBXBuildFile; fileRef = 0F90DC661C844E2C00607277 /* CourtesyProfileNickTableViewController.m */; };
		0F90DC731C844E4600607277 /* CourtesyLeftDrawerAvatarTableViewCell.m in Sources */ = {isa = PBXBuildFile; fileRef = 0F90DC6E1C844E4600607277 /* CourtesyLeftDrawerAvatarTableViewCell.m */; };
		0F90DC741C844E4600607277 /* CourtesyLeftDrawerMenuTableViewCell.m in Sources */ = {isa = PBXBuildFile; fileRef = 0F90DC701C844E4600607277 /* CourtesyLeftDrawerMenuTableViewCell.m */; };
		0F90DC751C844E4600607277 /* CourtesyLeftDrawerTableViewController.m in Sources */ = {isa = PBXBuildFile; fileRef = 0F90DC721C844E4600607277 /* CourtesyLeftDrawerTableViewController.m */; };
		0F90DC7A1C844E5E00607277 /* CourtesyGalleryEmptyTipTableViewCell.m in Sources */ = {isa = PBXBuildFile; fileRef = 0F90DC771C844E5E00607277 /* CourtesyGalleryEmptyTipTableViewCell.m */; };
		0F90DC7B1C844E5E00607277 /* CourtesyGalleryTableViewController.m in Sources */ = {isa = PBXBuildFile; fileRef = 0F90DC791C844E5E00607277 /* CourtesyGalleryTableViewController.m */; };
		0F90DC8C1C844EDB00607277 /* CourtesyMyTabBarController.m in Sources */ = {isa = PBXBuildFile; fileRef = 0F90DC7D1C844EDB00607277 /* CourtesyMyTabBarController.m */; };
		0F90DC8D1C844EDB00607277 /* CourtesyMyInboxEmptyTipTableViewCell.m in Sources */ = {isa = PBXBuildFile; fileRef = 0F90DC801C844EDB00607277 /* CourtesyMyInboxEmptyTipTableViewCell.m */; };
		0F90DC8E1C844EDB00607277 /* CourtesyMyInboxTableViewController.m in Sources */ = {isa = PBXBuildFile; fileRef = 0F90DC821C844EDB00607277 /* CourtesyMyInboxTableViewController.m */; };
		0F90DC8F1C844EDB00607277 /* CourtesyMyOutboxEmptyTipTableViewCell.m in Sources */ = {isa = PBXBuildFile; fileRef = 0F90DC851C844EDB00607277 /* CourtesyMyOutboxEmptyTipTableViewCell.m */; };
		0F90DC901C844EDB00607277 /* CourtesyMyOutboxTableViewController.m in Sources */ = {isa = PBXBuildFile; fileRef = 0F90DC871C844EDB00607277 /* CourtesyMyOutboxTableViewController.m */; };
		0F90DCA21C844F6600607277 /* CourtesyAboutViewController.m in Sources */ = {isa = PBXBuildFile; fileRef = 0F90DC951C844F6600607277 /* CourtesyAboutViewController.m */; };
		0F90DCA31C844F6600607277 /* CourtesyAccountSettingsTableViewController.m in Sources */ = {isa = PBXBuildFile; fileRef = 0F90DC981C844F6600607277 /* CourtesyAccountSettingsTableViewController.m */; };
		0F90DCA41C844F6600607277 /* CourtesyUserAgreementWebViewController.m in Sources */ = {isa = PBXBuildFile; fileRef = 0F90DC9B1C844F6600607277 /* CourtesyUserAgreementWebViewController.m */; };
		0F90DCA51C844F6600607277 /* tos.html in Resources */ = {isa = PBXBuildFile; fileRef = 0F90DC9C1C844F6600607277 /* tos.html */; };
		0F90DCA61C844F6600607277 /* CourtesySettingsTableViewController.m in Sources */ = {isa = PBXBuildFile; fileRef = 0F90DC9E1C844F6600607277 /* CourtesySettingsTableViewController.m */; };
		0F90DCA71C844F6600607277 /* CourtesyMessageNotificationSettingsTableViewController.m in Sources */ = {isa = PBXBuildFile; fileRef = 0F90DCA11C844F6600607277 /* CourtesyMessageNotificationSettingsTableViewController.m */; };
		0F90DCAC1C844F9600607277 /* CourtesyMyStarEmptyTipTableViewCell.m in Sources */ = {isa = PBXBuildFile; fileRef = 0F90DCA91C844F9600607277 /* CourtesyMyStarEmptyTipTableViewCell.m */; };
		0F90DCAD1C844F9600607277 /* CourtesyMyStarTableViewController.m in Sources */ = {isa = PBXBuildFile; fileRef = 0F90DCAB1C844F9600607277 /* CourtesyMyStarTableViewController.m */; };
		0F90DCB01C844FA700607277 /* CourtesyAnimationSettingsTableViewController.m in Sources */ = {isa = PBXBuildFile; fileRef = 0F90DCAF1C844FA700607277 /* CourtesyAnimationSettingsTableViewController.m */; };
		0F90DCB31C844FB700607277 /* CourtesyGithubWebViewController.m in Sources */ = {isa = PBXBuildFile; fileRef = 0F90DCB21C844FB700607277 /* CourtesyGithubWebViewController.m */; };
		0F93CAF11C85F73300249BD8 /* CodeScan.bundle in Resources */ = {isa = PBXBuildFile; fileRef = 0F93CAEE1C85F73300249BD8 /* CodeScan.bundle */; };
		0F93CAF21C85F73300249BD8 /* CourtesyQRScanViewController.m in Sources */ = {isa = PBXBuildFile; fileRef = 0F93CAF01C85F73300249BD8 /* CourtesyQRScanViewController.m */; };
		0FBA71741C7B2A0400053696 /* MessageUI.framework in Frameworks */ = {isa = PBXBuildFile; fileRef = 0FBA71731C7B2A0400053696 /* MessageUI.framework */; };
		0FBBF72F1C78BFA200A0A2D1 /* AudioToolbox.framework in Frameworks */ = {isa = PBXBuildFile; fileRef = 0FBBF72E1C78BFA200A0A2D1 /* AudioToolbox.framework */; };
		0FC76BAE1C85B718003DCAA9 /* CourtesyTextBindingParser.m in Sources */ = {isa = PBXBuildFile; fileRef = 0FC76BAD1C85B718003DCAA9 /* CourtesyTextBindingParser.m */; };
		0FD43FCD1C846CA700D6C564 /* AVFoundation.framework in Frameworks */ = {isa = PBXBuildFile; fileRef = 0FD43FCC1C846CA700D6C564 /* AVFoundation.framework */; };
		0FD43FCF1C846CAF00D6C564 /* MediaPlayer.framework in Frameworks */ = {isa = PBXBuildFile; fileRef = 0FD43FCE1C846CAF00D6C564 /* MediaPlayer.framework */; };
		BC703599663B4BCB91E9CC88 /* libPods-Courtesy.a in Frameworks */ = {isa = PBXBuildFile; fileRef = 4F634EFABF4A9FFF86FA2638 /* libPods-Courtesy.a */; };
/* End PBXBuildFile section */

/* Begin PBXFileReference section */
		05940789181F806AF4D4F3D2 /* Pods-Courtesy.release.xcconfig */ = {isa = PBXFileReference; includeInIndex = 1; lastKnownFileType = text.xcconfig; name = "Pods-Courtesy.release.xcconfig"; path = "Pods/Target Support Files/Pods-Courtesy/Pods-Courtesy.release.xcconfig"; sourceTree = "<group>"; };
		0F03A42C1C85317000C32FC8 /* CourtesyCardComposeViewController.h */ = {isa = PBXFileReference; fileEncoding = 4; lastKnownFileType = sourcecode.c.h; name = CourtesyCardComposeViewController.h; path = Views/Card/CourtesyCardComposeViewController.h; sourceTree = "<group>"; };
		0F03A42D1C85317000C32FC8 /* CourtesyCardComposeViewController.m */ = {isa = PBXFileReference; fileEncoding = 4; lastKnownFileType = sourcecode.c.objc; name = CourtesyCardComposeViewController.m; path = Views/Card/CourtesyCardComposeViewController.m; sourceTree = "<group>"; };
		0F90DC121C844A5B00607277 /* AppDelegate.h */ = {isa = PBXFileReference; fileEncoding = 4; lastKnownFileType = sourcecode.c.h; name = AppDelegate.h; path = Global/AppDelegate.h; sourceTree = "<group>"; };
		0F90DC131C844A5B00607277 /* AppDelegate.m */ = {isa = PBXFileReference; fileEncoding = 4; lastKnownFileType = sourcecode.c.objc; name = AppDelegate.m; path = Global/AppDelegate.m; sourceTree = "<group>"; };
		0F90DC141C844A5B00607277 /* GlobalSettings.h */ = {isa = PBXFileReference; fileEncoding = 4; lastKnownFileType = sourcecode.c.h; name = GlobalSettings.h; path = Global/GlobalSettings.h; sourceTree = "<group>"; };
		0F90DC151C844A5B00607277 /* GlobalSettings.m */ = {isa = PBXFileReference; fileEncoding = 4; lastKnownFileType = sourcecode.c.objc; name = GlobalSettings.m; path = Global/GlobalSettings.m; sourceTree = "<group>"; };
		0F90DC161C844A5B00607277 /* PrefixHeader.pch */ = {isa = PBXFileReference; fileEncoding = 4; lastKnownFileType = sourcecode.c.h; name = PrefixHeader.pch; path = Global/PrefixHeader.pch; sourceTree = "<group>"; };
		0F90DC191C844A9D00607277 /* Images.xcassets */ = {isa = PBXFileReference; lastKnownFileType = folder.assetcatalog; name = Images.xcassets; path = Resources/Images.xcassets; sourceTree = "<group>"; };
		0F90DC1A1C844A9D00607277 /* kisssound.wav */ = {isa = PBXFileReference; lastKnownFileType = audio.wav; name = kisssound.wav; path = Resources/kisssound.wav; sourceTree = "<group>"; };
		0F90DC1D1C844AEE00607277 /* CourtesyCommonRequestModel.h */ = {isa = PBXFileReference; fileEncoding = 4; lastKnownFileType = sourcecode.c.h; name = CourtesyCommonRequestModel.h; path = Models/Common/CourtesyCommonRequestModel.h; sourceTree = "<group>"; };
		0F90DC1E1C844AEE00607277 /* CourtesyCommonRequestModel.m */ = {isa = PBXFileReference; fileEncoding = 4; lastKnownFileType = sourcecode.c.objc; name = CourtesyCommonRequestModel.m; path = Models/Common/CourtesyCommonRequestModel.m; sourceTree = "<group>"; };
		0F90DC201C844B0900607277 /* CourtesyLoginRegisterModel.h */ = {isa = PBXFileReference; fileEncoding = 4; lastKnownFileType = sourcecode.c.h; name = CourtesyLoginRegisterModel.h; path = "Models/Login and Register/CourtesyLoginRegisterModel.h"; sourceTree = "<group>"; };
		0F90DC211C844B0900607277 /* CourtesyLoginRegisterModel.m */ = {isa = PBXFileReference; fileEncoding = 4; lastKnownFileType = sourcecode.c.objc; name = CourtesyLoginRegisterModel.m; path = "Models/Login and Register/CourtesyLoginRegisterModel.m"; sourceTree = "<group>"; };
		0F90DC231C844B2300607277 /* CourtesyAccountProfileModel.h */ = {isa = PBXFileReference; fileEncoding = 4; lastKnownFileType = sourcecode.c.h; name = CourtesyAccountProfileModel.h; path = "Models/Profile and Avatar/CourtesyAccountProfileModel.h"; sourceTree = "<group>"; };
		0F90DC241C844B2300607277 /* CourtesyAccountProfileModel.m */ = {isa = PBXFileReference; fileEncoding = 4; lastKnownFileType = sourcecode.c.objc; name = CourtesyAccountProfileModel.m; path = "Models/Profile and Avatar/CourtesyAccountProfileModel.m"; sourceTree = "<group>"; };
		0F90DC261C844B3B00607277 /* CourtesyAccountModel.h */ = {isa = PBXFileReference; fileEncoding = 4; lastKnownFileType = sourcecode.c.h; name = CourtesyAccountModel.h; path = "Models/Account Info/CourtesyAccountModel.h"; sourceTree = "<group>"; };
		0F90DC271C844B3B00607277 /* CourtesyAccountModel.m */ = {isa = PBXFileReference; fileEncoding = 4; lastKnownFileType = sourcecode.c.objc; name = CourtesyAccountModel.m; path = "Models/Account Info/CourtesyAccountModel.m"; sourceTree = "<group>"; };
		0F90DC291C844B5F00607277 /* CourtesyQRCodeModel.h */ = {isa = PBXFileReference; fileEncoding = 4; lastKnownFileType = sourcecode.c.h; name = CourtesyQRCodeModel.h; path = Models/QRCode/CourtesyQRCodeModel.h; sourceTree = "<group>"; };
		0F90DC2A1C844B5F00607277 /* CourtesyQRCodeModel.m */ = {isa = PBXFileReference; fileEncoding = 4; lastKnownFileType = sourcecode.c.objc; name = CourtesyQRCodeModel.m; path = Models/QRCode/CourtesyQRCodeModel.m; sourceTree = "<group>"; };
		0F90DC2C1C844B9800607277 /* NSArray+QueryItems.h */ = {isa = PBXFileReference; fileEncoding = 4; lastKnownFileType = sourcecode.c.h; name = "NSArray+QueryItems.h"; path = "Categories/NSArray+QueryItems.h"; sourceTree = "<group>"; };
		0F90DC2D1C844B9800607277 /* NSArray+QueryItems.m */ = {isa = PBXFileReference; fileEncoding = 4; lastKnownFileType = sourcecode.c.objc; name = "NSArray+QueryItems.m"; path = "Categories/NSArray+QueryItems.m"; sourceTree = "<group>"; };
		0F90DC2E1C844B9800607277 /* NSDate+Astro.h */ = {isa = PBXFileReference; fileEncoding = 4; lastKnownFileType = sourcecode.c.h; name = "NSDate+Astro.h"; path = "Categories/NSDate+Astro.h"; sourceTree = "<group>"; };
		0F90DC2F1C844B9800607277 /* NSDate+Astro.m */ = {isa = PBXFileReference; fileEncoding = 4; lastKnownFileType = sourcecode.c.objc; name = "NSDate+Astro.m"; path = "Categories/NSDate+Astro.m"; sourceTree = "<group>"; };
		0F90DC301C844B9800607277 /* NSDictionary+Subscript.h */ = {isa = PBXFileReference; fileEncoding = 4; lastKnownFileType = sourcecode.c.h; name = "NSDictionary+Subscript.h"; path = "Categories/NSDictionary+Subscript.h"; sourceTree = "<group>"; };
		0F90DC311C844B9800607277 /* NSDictionary+Subscript.m */ = {isa = PBXFileReference; fileEncoding = 4; lastKnownFileType = sourcecode.c.objc; name = "NSDictionary+Subscript.m"; path = "Categories/NSDictionary+Subscript.m"; sourceTree = "<group>"; };
		0F90DC321C844B9800607277 /* NSNotificationCenter+Action.h */ = {isa = PBXFileReference; fileEncoding = 4; lastKnownFileType = sourcecode.c.h; name = "NSNotificationCenter+Action.h"; path = "Categories/NSNotificationCenter+Action.h"; sourceTree = "<group>"; };
		0F90DC331C844B9800607277 /* NSNotificationCenter+Action.m */ = {isa = PBXFileReference; fileEncoding = 4; lastKnownFileType = sourcecode.c.objc; name = "NSNotificationCenter+Action.m"; path = "Categories/NSNotificationCenter+Action.m"; sourceTree = "<group>"; };
		0F90DC341C844B9800607277 /* UIView+FrameMethods.h */ = {isa = PBXFileReference; fileEncoding = 4; lastKnownFileType = sourcecode.c.h; name = "UIView+FrameMethods.h"; path = "Categories/UIView+FrameMethods.h"; sourceTree = "<group>"; };
		0F90DC351C844B9800607277 /* UIView+FrameMethods.m */ = {isa = PBXFileReference; fileEncoding = 4; lastKnownFileType = sourcecode.c.objc; name = "UIView+FrameMethods.m"; path = "Categories/UIView+FrameMethods.m"; sourceTree = "<group>"; };
		0F90DC3B1C844BB600607277 /* area.plist */ = {isa = PBXFileReference; fileEncoding = 4; lastKnownFileType = text.plist.xml; name = area.plist; path = "Supporting Files/area.plist"; sourceTree = "<group>"; };
		0F90DC3C1C844BB600607277 /* Courtesy.entitlements */ = {isa = PBXFileReference; fileEncoding = 4; lastKnownFileType = text.xml; name = Courtesy.entitlements; path = "Supporting Files/Courtesy.entitlements"; sourceTree = "<group>"; };
		0F90DC3D1C844BB600607277 /* Info.plist */ = {isa = PBXFileReference; fileEncoding = 4; lastKnownFileType = text.plist.xml; name = Info.plist; path = "Supporting Files/Info.plist"; sourceTree = "<group>"; };
		0F90DC3E1C844BB600607277 /* main.m */ = {isa = PBXFileReference; fileEncoding = 4; lastKnownFileType = sourcecode.c.objc; name = main.m; path = "Supporting Files/main.m"; sourceTree = "<group>"; };
		0F90DC441C844D2400607277 /* CourtesyPortraitViewController.h */ = {isa = PBXFileReference; fileEncoding = 4; lastKnownFileType = sourcecode.c.h; name = CourtesyPortraitViewController.h; path = Views/Common/CourtesyPortraitViewController.h; sourceTree = "<group>"; };
		0F90DC451C844D2400607277 /* CourtesyPortraitViewController.m */ = {isa = PBXFileReference; fileEncoding = 4; lastKnownFileType = sourcecode.c.objc; name = CourtesyPortraitViewController.m; path = Views/Common/CourtesyPortraitViewController.m; sourceTree = "<group>"; };
		0F90DC471C844D4F00607277 /* CourtesyLoginRegisterTextField.h */ = {isa = PBXFileReference; fileEncoding = 4; lastKnownFileType = sourcecode.c.h; name = CourtesyLoginRegisterTextField.h; path = Views/Login/CourtesyLoginRegisterTextField.h; sourceTree = "<group>"; };
		0F90DC481C844D4F00607277 /* CourtesyLoginRegisterTextField.m */ = {isa = PBXFileReference; fileEncoding = 4; lastKnownFileType = sourcecode.c.objc; name = CourtesyLoginRegisterTextField.m; path = Views/Login/CourtesyLoginRegisterTextField.m; sourceTree = "<group>"; };
		0F90DC491C844D4F00607277 /* CourtesyLoginRegisterViewController.h */ = {isa = PBXFileReference; fileEncoding = 4; lastKnownFileType = sourcecode.c.h; name = CourtesyLoginRegisterViewController.h; path = Views/Login/CourtesyLoginRegisterViewController.h; sourceTree = "<group>"; };
		0F90DC4A1C844D4F00607277 /* CourtesyLoginRegisterViewController.m */ = {isa = PBXFileReference; fileEncoding = 4; lastKnownFileType = sourcecode.c.objc; name = CourtesyLoginRegisterViewController.m; path = Views/Login/CourtesyLoginRegisterViewController.m; sourceTree = "<group>"; };
		0F90DC4B1C844D4F00607277 /* CourtesyLoginRegisterViewController.xib */ = {isa = PBXFileReference; fileEncoding = 4; lastKnownFileType = file.xib; name = CourtesyLoginRegisterViewController.xib; path = Views/Login/CourtesyLoginRegisterViewController.xib; sourceTree = "<group>"; };
		0F90DC4C1C844D4F00607277 /* CourtesyQuickLoginButton.h */ = {isa = PBXFileReference; fileEncoding = 4; lastKnownFileType = sourcecode.c.h; name = CourtesyQuickLoginButton.h; path = Views/Login/CourtesyQuickLoginButton.h; sourceTree = "<group>"; };
		0F90DC4D1C844D4F00607277 /* CourtesyQuickLoginButton.m */ = {isa = PBXFileReference; fileEncoding = 4; lastKnownFileType = sourcecode.c.objc; name = CourtesyQuickLoginButton.m; path = Views/Login/CourtesyQuickLoginButton.m; sourceTree = "<group>"; };
		0F90DC521C844DAB00607277 /* CourtesyProfileTableViewController.h */ = {isa = PBXFileReference; fileEncoding = 4; lastKnownFileType = sourcecode.c.h; name = CourtesyProfileTableViewController.h; path = Views/Profile/CourtesyProfileTableViewController.h; sourceTree = "<group>"; };
		0F90DC531C844DAB00607277 /* CourtesyProfileTableViewController.m */ = {isa = PBXFileReference; fileEncoding = 4; lastKnownFileType = sourcecode.c.objc; name = CourtesyProfileTableViewController.m; path = Views/Profile/CourtesyProfileTableViewController.m; sourceTree = "<group>"; };
		0F90DC561C844E2C00607277 /* CourtesyProfileBirthdayTableViewController.h */ = {isa = PBXFileReference; fileEncoding = 4; lastKnownFileType = sourcecode.c.h; path = CourtesyProfileBirthdayTableViewController.h; sourceTree = "<group>"; };
		0F90DC571C844E2C00607277 /* CourtesyProfileBirthdayTableViewController.m */ = {isa = PBXFileReference; fileEncoding = 4; lastKnownFileType = sourcecode.c.objc; path = CourtesyProfileBirthdayTableViewController.m; sourceTree = "<group>"; };
		0F90DC591C844E2C00607277 /* CourtesyProfileCityTableViewController.h */ = {isa = PBXFileReference; fileEncoding = 4; lastKnownFileType = sourcecode.c.h; path = CourtesyProfileCityTableViewController.h; sourceTree = "<group>"; };
		0F90DC5A1C844E2C00607277 /* CourtesyProfileCityTableViewController.m */ = {isa = PBXFileReference; fileEncoding = 4; lastKnownFileType = sourcecode.c.objc; path = CourtesyProfileCityTableViewController.m; sourceTree = "<group>"; };
		0F90DC5C1C844E2C00607277 /* CourtesyProfileGenderTableViewController.h */ = {isa = PBXFileReference; fileEncoding = 4; lastKnownFileType = sourcecode.c.h; path = CourtesyProfileGenderTableViewController.h; sourceTree = "<group>"; };
		0F90DC5D1C844E2C00607277 /* CourtesyProfileGenderTableViewController.m */ = {isa = PBXFileReference; fileEncoding = 4; lastKnownFileType = sourcecode.c.objc; path = CourtesyProfileGenderTableViewController.m; sourceTree = "<group>"; };
		0F90DC5F1C844E2C00607277 /* CourtesyProfileIntroductionTableViewController.h */ = {isa = PBXFileReference; fileEncoding = 4; lastKnownFileType = sourcecode.c.h; path = CourtesyProfileIntroductionTableViewController.h; sourceTree = "<group>"; };
		0F90DC601C844E2C00607277 /* CourtesyProfileIntroductionTableViewController.m */ = {isa = PBXFileReference; fileEncoding = 4; lastKnownFileType = sourcecode.c.objc; path = CourtesyProfileIntroductionTableViewController.m; sourceTree = "<group>"; };
		0F90DC621C844E2C00607277 /* CourtesyProfileMobileTableViewController.h */ = {isa = PBXFileReference; fileEncoding = 4; lastKnownFileType = sourcecode.c.h; path = CourtesyProfileMobileTableViewController.h; sourceTree = "<group>"; };
		0F90DC631C844E2C00607277 /* CourtesyProfileMobileTableViewController.m */ = {isa = PBXFileReference; fileEncoding = 4; lastKnownFileType = sourcecode.c.objc; path = CourtesyProfileMobileTableViewController.m; sourceTree = "<group>"; };
		0F90DC651C844E2C00607277 /* CourtesyProfileNickTableViewController.h */ = {isa = PBXFileReference; fileEncoding = 4; lastKnownFileType = sourcecode.c.h; path = CourtesyProfileNickTableViewController.h; sourceTree = "<group>"; };
		0F90DC661C844E2C00607277 /* CourtesyProfileNickTableViewController.m */ = {isa = PBXFileReference; fileEncoding = 4; lastKnownFileType = sourcecode.c.objc; path = CourtesyProfileNickTableViewController.m; sourceTree = "<group>"; };
		0F90DC6D1C844E4600607277 /* CourtesyLeftDrawerAvatarTableViewCell.h */ = {isa = PBXFileReference; fileEncoding = 4; lastKnownFileType = sourcecode.c.h; name = CourtesyLeftDrawerAvatarTableViewCell.h; path = Views/Drawer/CourtesyLeftDrawerAvatarTableViewCell.h; sourceTree = "<group>"; };
		0F90DC6E1C844E4600607277 /* CourtesyLeftDrawerAvatarTableViewCell.m */ = {isa = PBXFileReference; fileEncoding = 4; lastKnownFileType = sourcecode.c.objc; name = CourtesyLeftDrawerAvatarTableViewCell.m; path = Views/Drawer/CourtesyLeftDrawerAvatarTableViewCell.m; sourceTree = "<group>"; };
		0F90DC6F1C844E4600607277 /* CourtesyLeftDrawerMenuTableViewCell.h */ = {isa = PBXFileReference; fileEncoding = 4; lastKnownFileType = sourcecode.c.h; name = CourtesyLeftDrawerMenuTableViewCell.h; path = Views/Drawer/CourtesyLeftDrawerMenuTableViewCell.h; sourceTree = "<group>"; };
		0F90DC701C844E4600607277 /* CourtesyLeftDrawerMenuTableViewCell.m */ = {isa = PBXFileReference; fileEncoding = 4; lastKnownFileType = sourcecode.c.objc; name = CourtesyLeftDrawerMenuTableViewCell.m; path = Views/Drawer/CourtesyLeftDrawerMenuTableViewCell.m; sourceTree = "<group>"; };
		0F90DC711C844E4600607277 /* CourtesyLeftDrawerTableViewController.h */ = {isa = PBXFileReference; fileEncoding = 4; lastKnownFileType = sourcecode.c.h; name = CourtesyLeftDrawerTableViewController.h; path = Views/Drawer/CourtesyLeftDrawerTableViewController.h; sourceTree = "<group>"; };
		0F90DC721C844E4600607277 /* CourtesyLeftDrawerTableViewController.m */ = {isa = PBXFileReference; fileEncoding = 4; lastKnownFileType = sourcecode.c.objc; name = CourtesyLeftDrawerTableViewController.m; path = Views/Drawer/CourtesyLeftDrawerTableViewController.m; sourceTree = "<group>"; };
		0F90DC761C844E5E00607277 /* CourtesyGalleryEmptyTipTableViewCell.h */ = {isa = PBXFileReference; fileEncoding = 4; lastKnownFileType = sourcecode.c.h; name = CourtesyGalleryEmptyTipTableViewCell.h; path = Views/Gallery/CourtesyGalleryEmptyTipTableViewCell.h; sourceTree = "<group>"; };
		0F90DC771C844E5E00607277 /* CourtesyGalleryEmptyTipTableViewCell.m */ = {isa = PBXFileReference; fileEncoding = 4; lastKnownFileType = sourcecode.c.objc; name = CourtesyGalleryEmptyTipTableViewCell.m; path = Views/Gallery/CourtesyGalleryEmptyTipTableViewCell.m; sourceTree = "<group>"; };
		0F90DC781C844E5E00607277 /* CourtesyGalleryTableViewController.h */ = {isa = PBXFileReference; fileEncoding = 4; lastKnownFileType = sourcecode.c.h; name = CourtesyGalleryTableViewController.h; path = Views/Gallery/CourtesyGalleryTableViewController.h; sourceTree = "<group>"; };
		0F90DC791C844E5E00607277 /* CourtesyGalleryTableViewController.m */ = {isa = PBXFileReference; fileEncoding = 4; lastKnownFileType = sourcecode.c.objc; name = CourtesyGalleryTableViewController.m; path = Views/Gallery/CourtesyGalleryTableViewController.m; sourceTree = "<group>"; };
		0F90DC7C1C844EDB00607277 /* CourtesyMyTabBarController.h */ = {isa = PBXFileReference; fileEncoding = 4; lastKnownFileType = sourcecode.c.h; name = CourtesyMyTabBarController.h; path = Views/My/CourtesyMyTabBarController.h; sourceTree = "<group>"; };
		0F90DC7D1C844EDB00607277 /* CourtesyMyTabBarController.m */ = {isa = PBXFileReference; fileEncoding = 4; lastKnownFileType = sourcecode.c.objc; name = CourtesyMyTabBarController.m; path = Views/My/CourtesyMyTabBarController.m; sourceTree = "<group>"; };
		0F90DC7F1C844EDB00607277 /* CourtesyMyInboxEmptyTipTableViewCell.h */ = {isa = PBXFileReference; fileEncoding = 4; lastKnownFileType = sourcecode.c.h; path = CourtesyMyInboxEmptyTipTableViewCell.h; sourceTree = "<group>"; };
		0F90DC801C844EDB00607277 /* CourtesyMyInboxEmptyTipTableViewCell.m */ = {isa = PBXFileReference; fileEncoding = 4; lastKnownFileType = sourcecode.c.objc; path = CourtesyMyInboxEmptyTipTableViewCell.m; sourceTree = "<group>"; };
		0F90DC811C844EDB00607277 /* CourtesyMyInboxTableViewController.h */ = {isa = PBXFileReference; fileEncoding = 4; lastKnownFileType = sourcecode.c.h; path = CourtesyMyInboxTableViewController.h; sourceTree = "<group>"; };
		0F90DC821C844EDB00607277 /* CourtesyMyInboxTableViewController.m */ = {isa = PBXFileReference; fileEncoding = 4; lastKnownFileType = sourcecode.c.objc; path = CourtesyMyInboxTableViewController.m; sourceTree = "<group>"; };
		0F90DC841C844EDB00607277 /* CourtesyMyOutboxEmptyTipTableViewCell.h */ = {isa = PBXFileReference; fileEncoding = 4; lastKnownFileType = sourcecode.c.h; path = CourtesyMyOutboxEmptyTipTableViewCell.h; sourceTree = "<group>"; };
		0F90DC851C844EDB00607277 /* CourtesyMyOutboxEmptyTipTableViewCell.m */ = {isa = PBXFileReference; fileEncoding = 4; lastKnownFileType = sourcecode.c.objc; path = CourtesyMyOutboxEmptyTipTableViewCell.m; sourceTree = "<group>"; };
		0F90DC861C844EDB00607277 /* CourtesyMyOutboxTableViewController.h */ = {isa = PBXFileReference; fileEncoding = 4; lastKnownFileType = sourcecode.c.h; path = CourtesyMyOutboxTableViewController.h; sourceTree = "<group>"; };
		0F90DC871C844EDB00607277 /* CourtesyMyOutboxTableViewController.m */ = {isa = PBXFileReference; fileEncoding = 4; lastKnownFileType = sourcecode.c.objc; path = CourtesyMyOutboxTableViewController.m; sourceTree = "<group>"; };
		0F90DC941C844F6600607277 /* CourtesyAboutViewController.h */ = {isa = PBXFileReference; fileEncoding = 4; lastKnownFileType = sourcecode.c.h; path = CourtesyAboutViewController.h; sourceTree = "<group>"; };
		0F90DC951C844F6600607277 /* CourtesyAboutViewController.m */ = {isa = PBXFileReference; fileEncoding = 4; lastKnownFileType = sourcecode.c.objc; path = CourtesyAboutViewController.m; sourceTree = "<group>"; };
		0F90DC971C844F6600607277 /* CourtesyAccountSettingsTableViewController.h */ = {isa = PBXFileReference; fileEncoding = 4; lastKnownFileType = sourcecode.c.h; path = CourtesyAccountSettingsTableViewController.h; sourceTree = "<group>"; };
		0F90DC981C844F6600607277 /* CourtesyAccountSettingsTableViewController.m */ = {isa = PBXFileReference; fileEncoding = 4; lastKnownFileType = sourcecode.c.objc; path = CourtesyAccountSettingsTableViewController.m; sourceTree = "<group>"; };
		0F90DC9A1C844F6600607277 /* CourtesyUserAgreementWebViewController.h */ = {isa = PBXFileReference; fileEncoding = 4; lastKnownFileType = sourcecode.c.h; path = CourtesyUserAgreementWebViewController.h; sourceTree = "<group>"; };
		0F90DC9B1C844F6600607277 /* CourtesyUserAgreementWebViewController.m */ = {isa = PBXFileReference; fileEncoding = 4; lastKnownFileType = sourcecode.c.objc; path = CourtesyUserAgreementWebViewController.m; sourceTree = "<group>"; };
		0F90DC9C1C844F6600607277 /* tos.html */ = {isa = PBXFileReference; fileEncoding = 4; lastKnownFileType = text.html; path = tos.html; sourceTree = "<group>"; };
		0F90DC9D1C844F6600607277 /* CourtesySettingsTableViewController.h */ = {isa = PBXFileReference; fileEncoding = 4; lastKnownFileType = sourcecode.c.h; name = CourtesySettingsTableViewController.h; path = Views/Settings/CourtesySettingsTableViewController.h; sourceTree = "<group>"; };
		0F90DC9E1C844F6600607277 /* CourtesySettingsTableViewController.m */ = {isa = PBXFileReference; fileEncoding = 4; lastKnownFileType = sourcecode.c.objc; name = CourtesySettingsTableViewController.m; path = Views/Settings/CourtesySettingsTableViewController.m; sourceTree = "<group>"; };
		0F90DCA01C844F6600607277 /* CourtesyMessageNotificationSettingsTableViewController.h */ = {isa = PBXFileReference; fileEncoding = 4; lastKnownFileType = sourcecode.c.h; path = CourtesyMessageNotificationSettingsTableViewController.h; sourceTree = "<group>"; };
		0F90DCA11C844F6600607277 /* CourtesyMessageNotificationSettingsTableViewController.m */ = {isa = PBXFileReference; fileEncoding = 4; lastKnownFileType = sourcecode.c.objc; path = CourtesyMessageNotificationSettingsTableViewController.m; sourceTree = "<group>"; };
		0F90DCA81C844F9600607277 /* CourtesyMyStarEmptyTipTableViewCell.h */ = {isa = PBXFileReference; fileEncoding = 4; lastKnownFileType = sourcecode.c.h; name = CourtesyMyStarEmptyTipTableViewCell.h; path = Views/Star/CourtesyMyStarEmptyTipTableViewCell.h; sourceTree = "<group>"; };
		0F90DCA91C844F9600607277 /* CourtesyMyStarEmptyTipTableViewCell.m */ = {isa = PBXFileReference; fileEncoding = 4; lastKnownFileType = sourcecode.c.objc; name = CourtesyMyStarEmptyTipTableViewCell.m; path = Views/Star/CourtesyMyStarEmptyTipTableViewCell.m; sourceTree = "<group>"; };
		0F90DCAA1C844F9600607277 /* CourtesyMyStarTableViewController.h */ = {isa = PBXFileReference; fileEncoding = 4; lastKnownFileType = sourcecode.c.h; name = CourtesyMyStarTableViewController.h; path = Views/Star/CourtesyMyStarTableViewController.h; sourceTree = "<group>"; };
		0F90DCAB1C844F9600607277 /* CourtesyMyStarTableViewController.m */ = {isa = PBXFileReference; fileEncoding = 4; lastKnownFileType = sourcecode.c.objc; name = CourtesyMyStarTableViewController.m; path = Views/Star/CourtesyMyStarTableViewController.m; sourceTree = "<group>"; };
		0F90DCAE1C844FA700607277 /* CourtesyAnimationSettingsTableViewController.h */ = {isa = PBXFileReference; fileEncoding = 4; lastKnownFileType = sourcecode.c.h; name = CourtesyAnimationSettingsTableViewController.h; path = Views/Animation/CourtesyAnimationSettingsTableViewController.h; sourceTree = "<group>"; };
		0F90DCAF1C844FA700607277 /* CourtesyAnimationSettingsTableViewController.m */ = {isa = PBXFileReference; fileEncoding = 4; lastKnownFileType = sourcecode.c.objc; name = CourtesyAnimationSettingsTableViewController.m; path = Views/Animation/CourtesyAnimationSettingsTableViewController.m; sourceTree = "<group>"; };
		0F90DCB11C844FB700607277 /* CourtesyGithubWebViewController.h */ = {isa = PBXFileReference; fileEncoding = 4; lastKnownFileType = sourcecode.c.h; name = CourtesyGithubWebViewController.h; path = Views/Github/CourtesyGithubWebViewController.h; sourceTree = "<group>"; };
		0F90DCB21C844FB700607277 /* CourtesyGithubWebViewController.m */ = {isa = PBXFileReference; fileEncoding = 4; lastKnownFileType = sourcecode.c.objc; name = CourtesyGithubWebViewController.m; path = Views/Github/CourtesyGithubWebViewController.m; sourceTree = "<group>"; };
		0F93CAEE1C85F73300249BD8 /* CodeScan.bundle */ = {isa = PBXFileReference; lastKnownFileType = "wrapper.plug-in"; path = CodeScan.bundle; sourceTree = "<group>"; };
		0F93CAEF1C85F73300249BD8 /* CourtesyQRScanViewController.h */ = {isa = PBXFileReference; fileEncoding = 4; lastKnownFileType = sourcecode.c.h; path = CourtesyQRScanViewController.h; sourceTree = "<group>"; };
		0F93CAF01C85F73300249BD8 /* CourtesyQRScanViewController.m */ = {isa = PBXFileReference; fileEncoding = 4; lastKnownFileType = sourcecode.c.objc; path = CourtesyQRScanViewController.m; sourceTree = "<group>"; };
		0FBA71731C7B2A0400053696 /* MessageUI.framework */ = {isa = PBXFileReference; lastKnownFileType = wrapper.framework; name = MessageUI.framework; path = System/Library/Frameworks/MessageUI.framework; sourceTree = SDKROOT; };
		0FBBF7151C78BD4700A0A2D1 /* Base */ = {isa = PBXFileReference; lastKnownFileType = file.storyboard; name = Base; path = Base.lproj/Drawers.storyboard; sourceTree = "<group>"; };
		0FBBF72E1C78BFA200A0A2D1 /* AudioToolbox.framework */ = {isa = PBXFileReference; lastKnownFileType = wrapper.framework; name = AudioToolbox.framework; path = System/Library/Frameworks/AudioToolbox.framework; sourceTree = SDKROOT; };
		0FC76BAC1C85B718003DCAA9 /* CourtesyTextBindingParser.h */ = {isa = PBXFileReference; fileEncoding = 4; lastKnownFileType = sourcecode.c.h; path = CourtesyTextBindingParser.h; sourceTree = "<group>"; };
		0FC76BAD1C85B718003DCAA9 /* CourtesyTextBindingParser.m */ = {isa = PBXFileReference; fileEncoding = 4; lastKnownFileType = sourcecode.c.objc; path = CourtesyTextBindingParser.m; sourceTree = "<group>"; };
		0FD0205C1C81733E0069AB72 /* SystemConfiguration.framework */ = {isa = PBXFileReference; lastKnownFileType = wrapper.framework; name = SystemConfiguration.framework; path = System/Library/Frameworks/SystemConfiguration.framework; sourceTree = SDKROOT; };
		0FD43FCC1C846CA700D6C564 /* AVFoundation.framework */ = {isa = PBXFileReference; lastKnownFileType = wrapper.framework; name = AVFoundation.framework; path = System/Library/Frameworks/AVFoundation.framework; sourceTree = SDKROOT; };
		0FD43FCE1C846CAF00D6C564 /* MediaPlayer.framework */ = {isa = PBXFileReference; lastKnownFileType = wrapper.framework; name = MediaPlayer.framework; path = System/Library/Frameworks/MediaPlayer.framework; sourceTree = SDKROOT; };
		2CE7E65D1A62D8470072121A /* 礼记.app */ = {isa = PBXFileReference; explicitFileType = wrapper.application; includeInIndex = 0; path = "礼记.app"; sourceTree = BUILT_PRODUCTS_DIR; };
		4F634EFABF4A9FFF86FA2638 /* libPods-Courtesy.a */ = {isa = PBXFileReference; explicitFileType = archive.ar; includeInIndex = 0; path = "libPods-Courtesy.a"; sourceTree = BUILT_PRODUCTS_DIR; };
		F79D89D6F986E82FABAC7E77 /* Pods-Courtesy.debug.xcconfig */ = {isa = PBXFileReference; includeInIndex = 1; lastKnownFileType = text.xcconfig; name = "Pods-Courtesy.debug.xcconfig"; path = "Pods/Target Support Files/Pods-Courtesy/Pods-Courtesy.debug.xcconfig"; sourceTree = "<group>"; };
/* End PBXFileReference section */

/* Begin PBXFrameworksBuildPhase section */
		2CE7E65A1A62D8470072121A /* Frameworks */ = {
			isa = PBXFrameworksBuildPhase;
			buildActionMask = 2147483647;
			files = (
				0FD43FCF1C846CAF00D6C564 /* MediaPlayer.framework in Frameworks */,
				0FD43FCD1C846CA700D6C564 /* AVFoundation.framework in Frameworks */,
				0FBA71741C7B2A0400053696 /* MessageUI.framework in Frameworks */,
				BC703599663B4BCB91E9CC88 /* libPods-Courtesy.a in Frameworks */,
				0FBBF72F1C78BFA200A0A2D1 /* AudioToolbox.framework in Frameworks */,
			);
			runOnlyForDeploymentPostprocessing = 0;
		};
/* End PBXFrameworksBuildPhase section */

/* Begin PBXGroup section */
		0F0493241C7EDA7D00BCCBD2 /* Profile and Avatar */ = {
			isa = PBXGroup;
			children = (
				0F90DC231C844B2300607277 /* CourtesyAccountProfileModel.h */,
				0F90DC241C844B2300607277 /* CourtesyAccountProfileModel.m */,
			);
			name = "Profile and Avatar";
			sourceTree = "<group>";
		};
		0F176CD21C7DB13200172928 /* Login and Register */ = {
			isa = PBXGroup;
			children = (
				0F90DC201C844B0900607277 /* CourtesyLoginRegisterModel.h */,
				0F90DC211C844B0900607277 /* CourtesyLoginRegisterModel.m */,
			);
			name = "Login and Register";
			sourceTree = "<group>";
		};
		0F18A0C51C795CCC00FDFDF5 /* Drawer */ = {
			isa = PBXGroup;
			children = (
				0F90DC6D1C844E4600607277 /* CourtesyLeftDrawerAvatarTableViewCell.h */,
				0F90DC6E1C844E4600607277 /* CourtesyLeftDrawerAvatarTableViewCell.m */,
				0F90DC6F1C844E4600607277 /* CourtesyLeftDrawerMenuTableViewCell.h */,
				0F90DC701C844E4600607277 /* CourtesyLeftDrawerMenuTableViewCell.m */,
				0F90DC711C844E4600607277 /* CourtesyLeftDrawerTableViewController.h */,
				0F90DC721C844E4600607277 /* CourtesyLeftDrawerTableViewController.m */,
			);
			name = Drawer;
			sourceTree = "<group>";
		};
		0F18A0C61C795CF400FDFDF5 /* Github */ = {
			isa = PBXGroup;
			children = (
				0F90DCB11C844FB700607277 /* CourtesyGithubWebViewController.h */,
				0F90DCB21C844FB700607277 /* CourtesyGithubWebViewController.m */,
			);
			name = Github;
			sourceTree = "<group>";
		};
		0F18A0C71C795D0F00FDFDF5 /* Animation */ = {
			isa = PBXGroup;
			children = (
				0F90DCAE1C844FA700607277 /* CourtesyAnimationSettingsTableViewController.h */,
				0F90DCAF1C844FA700607277 /* CourtesyAnimationSettingsTableViewController.m */,
			);
			name = Animation;
			sourceTree = "<group>";
		};
		0F18A0C81C79653300FDFDF5 /* My */ = {
			isa = PBXGroup;
			children = (
				0F90DC7C1C844EDB00607277 /* CourtesyMyTabBarController.h */,
				0F90DC7D1C844EDB00607277 /* CourtesyMyTabBarController.m */,
				0F90DC7E1C844EDB00607277 /* Inbox */,
				0F90DC831C844EDB00607277 /* Outbox */,
			);
			name = My;
			sourceTree = "<group>";
		};
		0F1EC3021C819E09005BDB72 /* Common */ = {
			isa = PBXGroup;
			children = (
				0F90DC441C844D2400607277 /* CourtesyPortraitViewController.h */,
				0F90DC451C844D2400607277 /* CourtesyPortraitViewController.m */,
			);
			name = Common;
			sourceTree = "<group>";
		};
		0F3DA7E71C7C807800448055 /* Categories */ = {
			isa = PBXGroup;
			children = (
				0F90DC2C1C844B9800607277 /* NSArray+QueryItems.h */,
				0F90DC2D1C844B9800607277 /* NSArray+QueryItems.m */,
				0F90DC2E1C844B9800607277 /* NSDate+Astro.h */,
				0F90DC2F1C844B9800607277 /* NSDate+Astro.m */,
				0F90DC301C844B9800607277 /* NSDictionary+Subscript.h */,
				0F90DC311C844B9800607277 /* NSDictionary+Subscript.m */,
				0F90DC321C844B9800607277 /* NSNotificationCenter+Action.h */,
				0F90DC331C844B9800607277 /* NSNotificationCenter+Action.m */,
				0F90DC341C844B9800607277 /* UIView+FrameMethods.h */,
				0F90DC351C844B9800607277 /* UIView+FrameMethods.m */,
			);
			name = Categories;
			sourceTree = "<group>";
		};
		0F8ED11D1C82A6E500371879 /* QRCode */ = {
			isa = PBXGroup;
			children = (
				0F90DC291C844B5F00607277 /* CourtesyQRCodeModel.h */,
				0F90DC2A1C844B5F00607277 /* CourtesyQRCodeModel.m */,
			);
			name = QRCode;
			sourceTree = "<group>";
		};
		0F90DC551C844E2C00607277 /* Birthday */ = {
			isa = PBXGroup;
			children = (
				0F90DC561C844E2C00607277 /* CourtesyProfileBirthdayTableViewController.h */,
				0F90DC571C844E2C00607277 /* CourtesyProfileBirthdayTableViewController.m */,
			);
			name = Birthday;
			path = Views/Profile/Birthday;
			sourceTree = "<group>";
		};
		0F90DC581C844E2C00607277 /* City */ = {
			isa = PBXGroup;
			children = (
				0F90DC591C844E2C00607277 /* CourtesyProfileCityTableViewController.h */,
				0F90DC5A1C844E2C00607277 /* CourtesyProfileCityTableViewController.m */,
			);
			name = City;
			path = Views/Profile/City;
			sourceTree = "<group>";
		};
		0F90DC5B1C844E2C00607277 /* Gender */ = {
			isa = PBXGroup;
			children = (
				0F90DC5C1C844E2C00607277 /* CourtesyProfileGenderTableViewController.h */,
				0F90DC5D1C844E2C00607277 /* CourtesyProfileGenderTableViewController.m */,
			);
			name = Gender;
			path = Views/Profile/Gender;
			sourceTree = "<group>";
		};
		0F90DC5E1C844E2C00607277 /* Introduction */ = {
			isa = PBXGroup;
			children = (
				0F90DC5F1C844E2C00607277 /* CourtesyProfileIntroductionTableViewController.h */,
				0F90DC601C844E2C00607277 /* CourtesyProfileIntroductionTableViewController.m */,
			);
			name = Introduction;
			path = Views/Profile/Introduction;
			sourceTree = "<group>";
		};
		0F90DC611C844E2C00607277 /* Mobile */ = {
			isa = PBXGroup;
			children = (
				0F90DC621C844E2C00607277 /* CourtesyProfileMobileTableViewController.h */,
				0F90DC631C844E2C00607277 /* CourtesyProfileMobileTableViewController.m */,
			);
			name = Mobile;
			path = Views/Profile/Mobile;
			sourceTree = "<group>";
		};
		0F90DC641C844E2C00607277 /* Nick */ = {
			isa = PBXGroup;
			children = (
				0F90DC651C844E2C00607277 /* CourtesyProfileNickTableViewController.h */,
				0F90DC661C844E2C00607277 /* CourtesyProfileNickTableViewController.m */,
			);
			name = Nick;
			path = Views/Profile/Nick;
			sourceTree = "<group>";
		};
		0F90DC7E1C844EDB00607277 /* Inbox */ = {
			isa = PBXGroup;
			children = (
				0F90DC7F1C844EDB00607277 /* CourtesyMyInboxEmptyTipTableViewCell.h */,
				0F90DC801C844EDB00607277 /* CourtesyMyInboxEmptyTipTableViewCell.m */,
				0F90DC811C844EDB00607277 /* CourtesyMyInboxTableViewController.h */,
				0F90DC821C844EDB00607277 /* CourtesyMyInboxTableViewController.m */,
			);
			name = Inbox;
			path = Views/My/Inbox;
			sourceTree = "<group>";
		};
		0F90DC831C844EDB00607277 /* Outbox */ = {
			isa = PBXGroup;
			children = (
				0F90DC841C844EDB00607277 /* CourtesyMyOutboxEmptyTipTableViewCell.h */,
				0F90DC851C844EDB00607277 /* CourtesyMyOutboxEmptyTipTableViewCell.m */,
				0F90DC861C844EDB00607277 /* CourtesyMyOutboxTableViewController.h */,
				0F90DC871C844EDB00607277 /* CourtesyMyOutboxTableViewController.m */,
			);
			name = Outbox;
			path = Views/My/Outbox;
			sourceTree = "<group>";
		};
		0F90DC931C844F6600607277 /* About */ = {
			isa = PBXGroup;
			children = (
				0F90DC941C844F6600607277 /* CourtesyAboutViewController.h */,
				0F90DC951C844F6600607277 /* CourtesyAboutViewController.m */,
			);
			name = About;
			path = Views/Settings/About;
			sourceTree = "<group>";
		};
		0F90DC961C844F6600607277 /* Account */ = {
			isa = PBXGroup;
			children = (
				0F90DC971C844F6600607277 /* CourtesyAccountSettingsTableViewController.h */,
				0F90DC981C844F6600607277 /* CourtesyAccountSettingsTableViewController.m */,
			);
			name = Account;
			path = Views/Settings/Account;
			sourceTree = "<group>";
		};
		0F90DC991C844F6600607277 /* Agreement */ = {
			isa = PBXGroup;
			children = (
				0F90DC9A1C844F6600607277 /* CourtesyUserAgreementWebViewController.h */,
				0F90DC9B1C844F6600607277 /* CourtesyUserAgreementWebViewController.m */,
				0F90DC9C1C844F6600607277 /* tos.html */,
			);
			name = Agreement;
			path = Views/Settings/Agreement;
			sourceTree = "<group>";
		};
		0F90DC9F1C844F6600607277 /* Notification */ = {
			isa = PBXGroup;
			children = (
				0F90DCA01C844F6600607277 /* CourtesyMessageNotificationSettingsTableViewController.h */,
				0F90DCA11C844F6600607277 /* CourtesyMessageNotificationSettingsTableViewController.m */,
			);
			name = Notification;
			path = Views/Settings/Notification;
			sourceTree = "<group>";
		};
		0F93CAED1C85F73300249BD8 /* QRCode */ = {
			isa = PBXGroup;
			children = (
				0F93CAEE1C85F73300249BD8 /* CodeScan.bundle */,
				0F93CAEF1C85F73300249BD8 /* CourtesyQRScanViewController.h */,
				0F93CAF01C85F73300249BD8 /* CourtesyQRScanViewController.m */,
			);
			name = QRCode;
			path = Views/My/QRCode;
			sourceTree = "<group>";
		};
		0F9E1D8A1C7C4E760024FC4F /* Login */ = {
			isa = PBXGroup;
			children = (
				0F90DC471C844D4F00607277 /* CourtesyLoginRegisterTextField.h */,
				0F90DC481C844D4F00607277 /* CourtesyLoginRegisterTextField.m */,
				0F90DC491C844D4F00607277 /* CourtesyLoginRegisterViewController.h */,
				0F90DC4A1C844D4F00607277 /* CourtesyLoginRegisterViewController.m */,
				0F90DC4B1C844D4F00607277 /* CourtesyLoginRegisterViewController.xib */,
				0F90DC4C1C844D4F00607277 /* CourtesyQuickLoginButton.h */,
				0F90DC4D1C844D4F00607277 /* CourtesyQuickLoginButton.m */,
			);
			name = Login;
			sourceTree = "<group>";
		};
		0F9E1D941C7C58850024FC4F /* Star */ = {
			isa = PBXGroup;
			children = (
				0F90DCA81C844F9600607277 /* CourtesyMyStarEmptyTipTableViewCell.h */,
				0F90DCA91C844F9600607277 /* CourtesyMyStarEmptyTipTableViewCell.m */,
				0F90DCAA1C844F9600607277 /* CourtesyMyStarTableViewController.h */,
				0F90DCAB1C844F9600607277 /* CourtesyMyStarTableViewController.m */,
			);
			name = Star;
			sourceTree = "<group>";
		};
		0FBA716B1C7B244000053696 /* Views */ = {
			isa = PBXGroup;
			children = (
				0FD43FCB1C84684000D6C564 /* Card */,
				0F1EC3021C819E09005BDB72 /* Common */,
				0F9E1D8A1C7C4E760024FC4F /* Login */,
				0FBA717A1C7B4BFA00053696 /* Profile */,
				0F18A0C51C795CCC00FDFDF5 /* Drawer */,
				0FBA71761C7B447C00053696 /* Gallery */,
				0F18A0C81C79653300FDFDF5 /* My */,
				0F93CAED1C85F73300249BD8 /* QRCode */,
				0F9E1D941C7C58850024FC4F /* Star */,
				0FC6CF081C79F483007B666B /* Settings */,
				0F18A0C71C795D0F00FDFDF5 /* Animation */,
				0F18A0C61C795CF400FDFDF5 /* Github */,
			);
			name = Views;
			sourceTree = "<group>";
		};
		0FBA716C1C7B245D00053696 /* Layouts */ = {
			isa = PBXGroup;
			children = (
				0FBBF7141C78BD4700A0A2D1 /* Drawers.storyboard */,
			);
			name = Layouts;
			sourceTree = "<group>";
		};
		0FBA716D1C7B247700053696 /* Resources */ = {
			isa = PBXGroup;
			children = (
				0F90DC191C844A9D00607277 /* Images.xcassets */,
				0F90DC1A1C844A9D00607277 /* kisssound.wav */,
			);
			name = Resources;
			sourceTree = "<group>";
		};
		0FBA716E1C7B24B600053696 /* Global */ = {
			isa = PBXGroup;
			children = (
				0F90DC161C844A5B00607277 /* PrefixHeader.pch */,
				0F90DC121C844A5B00607277 /* AppDelegate.h */,
				0F90DC131C844A5B00607277 /* AppDelegate.m */,
				0F90DC141C844A5B00607277 /* GlobalSettings.h */,
				0F90DC151C844A5B00607277 /* GlobalSettings.m */,
			);
			name = Global;
			sourceTree = "<group>";
		};
		0FBA71761C7B447C00053696 /* Gallery */ = {
			isa = PBXGroup;
			children = (
				0F90DC761C844E5E00607277 /* CourtesyGalleryEmptyTipTableViewCell.h */,
				0F90DC771C844E5E00607277 /* CourtesyGalleryEmptyTipTableViewCell.m */,
				0F90DC781C844E5E00607277 /* CourtesyGalleryTableViewController.h */,
				0F90DC791C844E5E00607277 /* CourtesyGalleryTableViewController.m */,
			);
			name = Gallery;
			sourceTree = "<group>";
		};
		0FBA717A1C7B4BFA00053696 /* Profile */ = {
			isa = PBXGroup;
			children = (
				0F90DC521C844DAB00607277 /* CourtesyProfileTableViewController.h */,
				0F90DC531C844DAB00607277 /* CourtesyProfileTableViewController.m */,
				0F90DC551C844E2C00607277 /* Birthday */,
				0F90DC581C844E2C00607277 /* City */,
				0F90DC5B1C844E2C00607277 /* Gender */,
				0F90DC5E1C844E2C00607277 /* Introduction */,
				0F90DC611C844E2C00607277 /* Mobile */,
				0F90DC641C844E2C00607277 /* Nick */,
			);
			name = Profile;
			sourceTree = "<group>";
		};
		0FBBF7111C78BD4700A0A2D1 /* Courtesy */ = {
			isa = PBXGroup;
			children = (
				0FBA716E1C7B24B600053696 /* Global */,
				0FBA716D1C7B247700053696 /* Resources */,
				0FBA716C1C7B245D00053696 /* Layouts */,
				0FC910CD1C7C951F00CEF533 /* Models */,
				0FBA716B1C7B244000053696 /* Views */,
				0F3DA7E71C7C807800448055 /* Categories */,
				0FBBF72D1C78BD6C00A0A2D1 /* Supporting Files */,
			);
			path = Courtesy;
			sourceTree = "<group>";
		};
		0FBBF72D1C78BD6C00A0A2D1 /* Supporting Files */ = {
			isa = PBXGroup;
			children = (
				0F90DC3B1C844BB600607277 /* area.plist */,
				0F90DC3C1C844BB600607277 /* Courtesy.entitlements */,
				0F90DC3D1C844BB600607277 /* Info.plist */,
				0F90DC3E1C844BB600607277 /* main.m */,
			);
			name = "Supporting Files";
			sourceTree = "<group>";
		};
		0FBC36BE1C7D73AC00057EBE /* Common */ = {
			isa = PBXGroup;
			children = (
				0F90DC1D1C844AEE00607277 /* CourtesyCommonRequestModel.h */,
				0F90DC1E1C844AEE00607277 /* CourtesyCommonRequestModel.m */,
			);
			name = Common;
			sourceTree = "<group>";
		};
		0FC6CF081C79F483007B666B /* Settings */ = {
			isa = PBXGroup;
			children = (
				0F90DC931C844F6600607277 /* About */,
				0F90DC961C844F6600607277 /* Account */,
				0F90DC991C844F6600607277 /* Agreement */,
				0F90DC9D1C844F6600607277 /* CourtesySettingsTableViewController.h */,
				0F90DC9E1C844F6600607277 /* CourtesySettingsTableViewController.m */,
				0F90DC9F1C844F6600607277 /* Notification */,
			);
			name = Settings;
			sourceTree = "<group>";
		};
		0FC910CD1C7C951F00CEF533 /* Models */ = {
			isa = PBXGroup;
			children = (
				0FBC36BE1C7D73AC00057EBE /* Common */,
				0F176CD21C7DB13200172928 /* Login and Register */,
				0F0493241C7EDA7D00BCCBD2 /* Profile and Avatar */,
				0FC910CE1C7C952900CEF533 /* Account Info */,
				0F8ED11D1C82A6E500371879 /* QRCode */,
			);
			name = Models;
			sourceTree = "<group>";
		};
		0FC910CE1C7C952900CEF533 /* Account Info */ = {
			isa = PBXGroup;
			children = (
				0F90DC261C844B3B00607277 /* CourtesyAccountModel.h */,
				0F90DC271C844B3B00607277 /* CourtesyAccountModel.m */,
			);
			name = "Account Info";
			sourceTree = "<group>";
		};
		0FD43FCB1C84684000D6C564 /* Card */ = {
			isa = PBXGroup;
			children = (
				0FC76BAC1C85B718003DCAA9 /* CourtesyTextBindingParser.h */,
				0FC76BAD1C85B718003DCAA9 /* CourtesyTextBindingParser.m */,
				0F03A42C1C85317000C32FC8 /* CourtesyCardComposeViewController.h */,
				0F03A42D1C85317000C32FC8 /* CourtesyCardComposeViewController.m */,
			);
			name = Card;
			sourceTree = "<group>";
		};
		2CE7E6541A62D8470072121A = {
			isa = PBXGroup;
			children = (
				0FBBF7111C78BD4700A0A2D1 /* Courtesy */,
				2CE7E65E1A62D8470072121A /* Products */,
				50FC48022AA947626047C50A /* Pods */,
				45444505B80B6AF6A0D335BE /* Frameworks */,
			);
			sourceTree = "<group>";
		};
		2CE7E65E1A62D8470072121A /* Products */ = {
			isa = PBXGroup;
			children = (
				2CE7E65D1A62D8470072121A /* 礼记.app */,
			);
			name = Products;
			sourceTree = "<group>";
		};
		45444505B80B6AF6A0D335BE /* Frameworks */ = {
			isa = PBXGroup;
			children = (
				0FD43FCE1C846CAF00D6C564 /* MediaPlayer.framework */,
				0FD43FCC1C846CA700D6C564 /* AVFoundation.framework */,
				0FD0205C1C81733E0069AB72 /* SystemConfiguration.framework */,
				0FBA71731C7B2A0400053696 /* MessageUI.framework */,
				0FBBF72E1C78BFA200A0A2D1 /* AudioToolbox.framework */,
				4F634EFABF4A9FFF86FA2638 /* libPods-Courtesy.a */,
			);
			name = Frameworks;
			sourceTree = "<group>";
		};
		50FC48022AA947626047C50A /* Pods */ = {
			isa = PBXGroup;
			children = (
				F79D89D6F986E82FABAC7E77 /* Pods-Courtesy.debug.xcconfig */,
				05940789181F806AF4D4F3D2 /* Pods-Courtesy.release.xcconfig */,
			);
			name = Pods;
			sourceTree = "<group>";
		};
/* End PBXGroup section */

/* Begin PBXNativeTarget section */
		2CE7E65C1A62D8470072121A /* Courtesy */ = {
			isa = PBXNativeTarget;
			buildConfigurationList = 2CE7E6801A62D8480072121A /* Build configuration list for PBXNativeTarget "Courtesy" */;
			buildPhases = (
				5387F51B96BADF6420737642 /* Check Pods Manifest.lock */,
				2CE7E6591A62D8470072121A /* Sources */,
				2CE7E65A1A62D8470072121A /* Frameworks */,
				2CE7E65B1A62D8470072121A /* Resources */,
				783AEA0CD6B8193ECAE917EA /* Copy Pods Resources */,
			);
			buildRules = (
			);
			dependencies = (
			);
			name = Courtesy;
			productName = JVFloatingDrawer;
			productReference = 2CE7E65D1A62D8470072121A /* 礼记.app */;
			productType = "com.apple.product-type.application";
		};
/* End PBXNativeTarget section */

/* Begin PBXProject section */
		2CE7E6551A62D8470072121A /* Project object */ = {
			isa = PBXProject;
			attributes = {
				CLASSPREFIX = Courtesy;
				LastUpgradeCheck = 0720;
				ORGANIZATIONNAME = 82Flex;
				TargetAttributes = {
					2CE7E65C1A62D8470072121A = {
						CreatedOnToolsVersion = 6.1.1;
						DevelopmentTeam = GXZ23M5TP2;
						SystemCapabilities = {
							com.apple.InterAppAudio = {
								enabled = 1;
							};
							com.apple.Push = {
								enabled = 1;
							};
						};
					};
				};
			};
			buildConfigurationList = 2CE7E6581A62D8470072121A /* Build configuration list for PBXProject "Courtesy" */;
			compatibilityVersion = "Xcode 3.2";
			developmentRegion = English;
			hasScannedForEncodings = 0;
			knownRegions = (
				Base,
			);
			mainGroup = 2CE7E6541A62D8470072121A;
			productRefGroup = 2CE7E65E1A62D8470072121A /* Products */;
			projectDirPath = "";
			projectRoot = "";
			targets = (
				2CE7E65C1A62D8470072121A /* Courtesy */,
			);
		};
/* End PBXProject section */

/* Begin PBXResourcesBuildPhase section */
		2CE7E65B1A62D8470072121A /* Resources */ = {
			isa = PBXResourcesBuildPhase;
			buildActionMask = 2147483647;
			files = (
				0F90DC431C844C4E00607277 /* Drawers.storyboard in Resources */,
				0F90DCA51C844F6600607277 /* tos.html in Resources */,
				0F90DC1C1C844A9D00607277 /* kisssound.wav in Resources */,
				0F90DC501C844D4F00607277 /* CourtesyLoginRegisterViewController.xib in Resources */,
				0F90DC3F1C844BB600607277 /* area.plist in Resources */,
				0F90DC401C844BB600607277 /* Courtesy.entitlements in Resources */,
				0F90DC1B1C844A9D00607277 /* Images.xcassets in Resources */,
				0F93CAF11C85F73300249BD8 /* CodeScan.bundle in Resources */,
			);
			runOnlyForDeploymentPostprocessing = 0;
		};
/* End PBXResourcesBuildPhase section */

/* Begin PBXShellScriptBuildPhase section */
		5387F51B96BADF6420737642 /* Check Pods Manifest.lock */ = {
			isa = PBXShellScriptBuildPhase;
			buildActionMask = 2147483647;
			files = (
			);
			inputPaths = (
			);
			name = "Check Pods Manifest.lock";
			outputPaths = (
			);
			runOnlyForDeploymentPostprocessing = 0;
			shellPath = /bin/sh;
			shellScript = "diff \"${PODS_ROOT}/../Podfile.lock\" \"${PODS_ROOT}/Manifest.lock\" > /dev/null\nif [[ $? != 0 ]] ; then\n    cat << EOM\nerror: The sandbox is not in sync with the Podfile.lock. Run 'pod install' or update your CocoaPods installation.\nEOM\n    exit 1\nfi\n";
			showEnvVarsInLog = 0;
		};
		783AEA0CD6B8193ECAE917EA /* Copy Pods Resources */ = {
			isa = PBXShellScriptBuildPhase;
			buildActionMask = 2147483647;
			files = (
			);
			inputPaths = (
			);
			name = "Copy Pods Resources";
			outputPaths = (
			);
			runOnlyForDeploymentPostprocessing = 0;
			shellPath = /bin/sh;
			shellScript = "\"${SRCROOT}/Pods/Target Support Files/Pods-Courtesy/Pods-Courtesy-resources.sh\"\n";
			showEnvVarsInLog = 0;
		};
/* End PBXShellScriptBuildPhase section */

/* Begin PBXSourcesBuildPhase section */
		2CE7E6591A62D8470072121A /* Sources */ = {
			isa = PBXSourcesBuildPhase;
			buildActionMask = 2147483647;
			files = (
				0F03A42E1C85317000C32FC8 /* CourtesyCardComposeViewController.m in Sources */,
				0F90DC4F1C844D4F00607277 /* CourtesyLoginRegisterViewController.m in Sources */,
				0F90DC2B1C844B5F00607277 /* CourtesyQRCodeModel.m in Sources */,
				0F90DC4E1C844D4F00607277 /* CourtesyLoginRegisterTextField.m in Sources */,
				0F90DC181C844A5B00607277 /* GlobalSettings.m in Sources */,
				0F90DC7B1C844E5E00607277 /* CourtesyGalleryTableViewController.m in Sources */,
				0F90DC6B1C844E2C00607277 /* CourtesyProfileMobileTableViewController.m in Sources */,
				0F90DC461C844D2400607277 /* CourtesyPortraitViewController.m in Sources */,
				0F90DC8E1C844EDB00607277 /* CourtesyMyInboxTableViewController.m in Sources */,
				0F90DC381C844B9800607277 /* NSDictionary+Subscript.m in Sources */,
				0F90DCA61C844F6600607277 /* CourtesySettingsTableViewController.m in Sources */,
				0F90DCB31C844FB700607277 /* CourtesyGithubWebViewController.m in Sources */,
				0F90DC691C844E2C00607277 /* CourtesyProfileGenderTableViewController.m in Sources */,
				0F90DC741C844E4600607277 /* CourtesyLeftDrawerMenuTableViewCell.m in Sources */,
				0F93CAF21C85F73300249BD8 /* CourtesyQRScanViewController.m in Sources */,
				0F90DC681C844E2C00607277 /* CourtesyProfileCityTableViewController.m in Sources */,
				0F90DC731C844E4600607277 /* CourtesyLeftDrawerAvatarTableViewCell.m in Sources */,
				0F90DC1F1C844AEE00607277 /* CourtesyCommonRequestModel.m in Sources */,
				0F90DCAC1C844F9600607277 /* CourtesyMyStarEmptyTipTableViewCell.m in Sources */,
				0F90DC511C844D4F00607277 /* CourtesyQuickLoginButton.m in Sources */,
				0F90DCA71C844F6600607277 /* CourtesyMessageNotificationSettingsTableViewController.m in Sources */,
				0F90DCA21C844F6600607277 /* CourtesyAboutViewController.m in Sources */,
				0F90DC7A1C844E5E00607277 /* CourtesyGalleryEmptyTipTableViewCell.m in Sources */,
				0F90DC361C844B9800607277 /* NSArray+QueryItems.m in Sources */,
				0FC76BAE1C85B718003DCAA9 /* CourtesyTextBindingParser.m in Sources */,
				0F90DC901C844EDB00607277 /* CourtesyMyOutboxTableViewController.m in Sources */,
				0F90DC6A1C844E2C00607277 /* CourtesyProfileIntroductionTableViewController.m in Sources */,
				0F90DC251C844B2300607277 /* CourtesyAccountProfileModel.m in Sources */,
				0F90DC6C1C844E2C00607277 /* CourtesyProfileNickTableViewController.m in Sources */,
				0F90DC221C844B0900607277 /* CourtesyLoginRegisterModel.m in Sources */,
				0F90DC391C844B9800607277 /* NSNotificationCenter+Action.m in Sources */,
				0F90DC281C844B3B00607277 /* CourtesyAccountModel.m in Sources */,
				0F90DC171C844A5B00607277 /* AppDelegate.m in Sources */,
				0F90DCA41C844F6600607277 /* CourtesyUserAgreementWebViewController.m in Sources */,
				0F90DC8D1C844EDB00607277 /* CourtesyMyInboxEmptyTipTableViewCell.m in Sources */,
				0F90DC541C844DAB00607277 /* CourtesyProfileTableViewController.m in Sources */,
				0F90DC3A1C844B9800607277 /* UIView+FrameMethods.m in Sources */,
				0F90DCB01C844FA700607277 /* CourtesyAnimationSettingsTableViewController.m in Sources */,
				0F90DC671C844E2C00607277 /* CourtesyProfileBirthdayTableViewController.m in Sources */,
				0F90DC371C844B9800607277 /* NSDate+Astro.m in Sources */,
				0F90DC8F1C844EDB00607277 /* CourtesyMyOutboxEmptyTipTableViewCell.m in Sources */,
				0F90DC8C1C844EDB00607277 /* CourtesyMyTabBarController.m in Sources */,
				0F90DCA31C844F6600607277 /* CourtesyAccountSettingsTableViewController.m in Sources */,
				0F90DC421C844BB600607277 /* main.m in Sources */,
				0F90DC751C844E4600607277 /* CourtesyLeftDrawerTableViewController.m in Sources */,
				0F90DCAD1C844F9600607277 /* CourtesyMyStarTableViewController.m in Sources */,
			);
			runOnlyForDeploymentPostprocessing = 0;
		};
/* End PBXSourcesBuildPhase section */

/* Begin PBXVariantGroup section */
		0FBBF7141C78BD4700A0A2D1 /* Drawers.storyboard */ = {
			isa = PBXVariantGroup;
			children = (
				0FBBF7151C78BD4700A0A2D1 /* Base */,
			);
			name = Drawers.storyboard;
			sourceTree = "<group>";
		};
/* End PBXVariantGroup section */

/* Begin XCBuildConfiguration section */
		2CE7E67E1A62D8480072121A /* Debug */ = {
			isa = XCBuildConfiguration;
			buildSettings = {
				ALWAYS_SEARCH_USER_PATHS = NO;
				CLANG_CXX_LANGUAGE_STANDARD = "gnu++0x";
				CLANG_CXX_LIBRARY = "libc++";
				CLANG_ENABLE_MODULES = YES;
				CLANG_ENABLE_OBJC_ARC = YES;
				CLANG_WARN_BOOL_CONVERSION = YES;
				CLANG_WARN_CONSTANT_CONVERSION = YES;
				CLANG_WARN_DIRECT_OBJC_ISA_USAGE = YES_ERROR;
				CLANG_WARN_EMPTY_BODY = YES;
				CLANG_WARN_ENUM_CONVERSION = YES;
				CLANG_WARN_INT_CONVERSION = YES;
				CLANG_WARN_OBJC_ROOT_CLASS = YES_ERROR;
				CLANG_WARN_UNREACHABLE_CODE = YES;
				CLANG_WARN__DUPLICATE_METHOD_MATCH = YES;
				"CODE_SIGN_IDENTITY[sdk=iphoneos*]" = "iPhone Developer";
				COPY_PHASE_STRIP = NO;
				ENABLE_BITCODE = NO;
				ENABLE_STRICT_OBJC_MSGSEND = YES;
				ENABLE_TESTABILITY = YES;
				GCC_C_LANGUAGE_STANDARD = gnu99;
				GCC_DYNAMIC_NO_PIC = NO;
				GCC_OPTIMIZATION_LEVEL = 0;
				GCC_PREFIX_HEADER = "$(SRCROOT)/Courtesy/Global/PrefixHeader.pch";
				GCC_PREPROCESSOR_DEFINITIONS = (
					"DEBUG=1",
					"$(inherited)",
				);
				GCC_SYMBOLS_PRIVATE_EXTERN = NO;
				GCC_WARN_64_TO_32_BIT_CONVERSION = YES;
				GCC_WARN_ABOUT_RETURN_TYPE = YES_ERROR;
				GCC_WARN_UNDECLARED_SELECTOR = YES;
				GCC_WARN_UNINITIALIZED_AUTOS = YES_AGGRESSIVE;
				GCC_WARN_UNUSED_FUNCTION = YES;
				GCC_WARN_UNUSED_VARIABLE = YES;
				IPHONEOS_DEPLOYMENT_TARGET = 9.0;
				MTL_ENABLE_DEBUG_INFO = YES;
				ONLY_ACTIVE_ARCH = YES;
				SDKROOT = iphoneos;
				TARGETED_DEVICE_FAMILY = "1,2";
			};
			name = Debug;
		};
		2CE7E67F1A62D8480072121A /* Release */ = {
			isa = XCBuildConfiguration;
			buildSettings = {
				ALWAYS_SEARCH_USER_PATHS = NO;
				CLANG_CXX_LANGUAGE_STANDARD = "gnu++0x";
				CLANG_CXX_LIBRARY = "libc++";
				CLANG_ENABLE_MODULES = YES;
				CLANG_ENABLE_OBJC_ARC = YES;
				CLANG_WARN_BOOL_CONVERSION = YES;
				CLANG_WARN_CONSTANT_CONVERSION = YES;
				CLANG_WARN_DIRECT_OBJC_ISA_USAGE = YES_ERROR;
				CLANG_WARN_EMPTY_BODY = YES;
				CLANG_WARN_ENUM_CONVERSION = YES;
				CLANG_WARN_INT_CONVERSION = YES;
				CLANG_WARN_OBJC_ROOT_CLASS = YES_ERROR;
				CLANG_WARN_UNREACHABLE_CODE = YES;
				CLANG_WARN__DUPLICATE_METHOD_MATCH = YES;
				"CODE_SIGN_IDENTITY[sdk=iphoneos*]" = "iPhone Developer";
				COPY_PHASE_STRIP = YES;
				ENABLE_BITCODE = NO;
				ENABLE_NS_ASSERTIONS = NO;
				ENABLE_STRICT_OBJC_MSGSEND = YES;
				GCC_C_LANGUAGE_STANDARD = gnu99;
				GCC_PREFIX_HEADER = "$(SRCROOT)/Courtesy/Global/PrefixHeader.pch";
				GCC_WARN_64_TO_32_BIT_CONVERSION = YES;
				GCC_WARN_ABOUT_RETURN_TYPE = YES_ERROR;
				GCC_WARN_UNDECLARED_SELECTOR = YES;
				GCC_WARN_UNINITIALIZED_AUTOS = YES_AGGRESSIVE;
				GCC_WARN_UNUSED_FUNCTION = YES;
				GCC_WARN_UNUSED_VARIABLE = YES;
				IPHONEOS_DEPLOYMENT_TARGET = 9.0;
				MTL_ENABLE_DEBUG_INFO = NO;
				SDKROOT = iphoneos;
				TARGETED_DEVICE_FAMILY = "1,2";
				VALIDATE_PRODUCT = YES;
			};
			name = Release;
		};
		2CE7E6811A62D8480072121A /* Debug */ = {
			isa = XCBuildConfiguration;
			baseConfigurationReference = F79D89D6F986E82FABAC7E77 /* Pods-Courtesy.debug.xcconfig */;
			buildSettings = {
				ASSETCATALOG_COMPILER_APPICON_NAME = AppIcon;
				ASSETCATALOG_COMPILER_LAUNCHIMAGE_NAME = LaunchImage;
				ASSETCATALOG_COMPILER_OPTIMIZATION = time;
				CLANG_ANALYZER_SECURITY_FLOATLOOPCOUNTER = YES;
				CLANG_ANALYZER_SECURITY_INSECUREAPI_RAND = YES;
				CLANG_ANALYZER_SECURITY_INSECUREAPI_STRCPY = YES;
				CLANG_CXX_LANGUAGE_STANDARD = "compiler-default";
				CLANG_CXX_LIBRARY = "compiler-default";
				CODE_SIGN_ENTITLEMENTS = "Courtesy/Supporting Files/Courtesy.entitlements";
				CODE_SIGN_IDENTITY = "iPhone Developer";
				"CODE_SIGN_IDENTITY[sdk=iphoneos*]" = "iPhone Developer";
				DEBUG_INFORMATION_FORMAT = dwarf;
				ENABLE_BITCODE = NO;
				GCC_C_LANGUAGE_STANDARD = "compiler-default";
				GCC_PREFIX_HEADER = "$(SRCROOT)/Courtesy/Global/PrefixHeader.pch";
				GCC_TREAT_WARNINGS_AS_ERRORS = NO;
				GCC_WARN_UNUSED_LABEL = NO;
				GCC_WARN_UNUSED_PARAMETER = NO;
				INFOPLIST_FILE = "$(SRCROOT)/Courtesy/Supporting Files/Info.plist";
				IPHONEOS_DEPLOYMENT_TARGET = 9.0;
				LD_RUNPATH_SEARCH_PATHS = "$(inherited) @executable_path/Frameworks";
				MACOSX_DEPLOYMENT_TARGET = 10.11;
				OTHER_LDFLAGS = "$(inherited)";
				PRODUCT_BUNDLE_IDENTIFIER = com.darwin.courtesy;
				PRODUCT_NAME = "礼记";
				PROVISIONING_PROFILE = "0cba3284-9c0c-4447-84f6-c2facec8e6e9";
				TARGETED_DEVICE_FAMILY = "1,2";
			};
			name = Debug;
		};
		2CE7E6821A62D8480072121A /* Release */ = {
			isa = XCBuildConfiguration;
			baseConfigurationReference = 05940789181F806AF4D4F3D2 /* Pods-Courtesy.release.xcconfig */;
			buildSettings = {
				ASSETCATALOG_COMPILER_APPICON_NAME = AppIcon;
				ASSETCATALOG_COMPILER_LAUNCHIMAGE_NAME = LaunchImage;
				ASSETCATALOG_COMPILER_OPTIMIZATION = time;
				CLANG_ANALYZER_SECURITY_FLOATLOOPCOUNTER = YES;
				CLANG_ANALYZER_SECURITY_INSECUREAPI_RAND = YES;
				CLANG_ANALYZER_SECURITY_INSECUREAPI_STRCPY = YES;
				CLANG_CXX_LANGUAGE_STANDARD = "compiler-default";
				CLANG_CXX_LIBRARY = "compiler-default";
				CODE_SIGN_ENTITLEMENTS = "Courtesy/Supporting Files/Courtesy.entitlements";
				CODE_SIGN_IDENTITY = "iPhone Developer";
				"CODE_SIGN_IDENTITY[sdk=iphoneos*]" = "iPhone Developer";
				DEBUG_INFORMATION_FORMAT = dwarf;
				ENABLE_BITCODE = NO;
				GCC_C_LANGUAGE_STANDARD = "compiler-default";
				GCC_PREFIX_HEADER = "$(SRCROOT)/Courtesy/Global/PrefixHeader.pch";
				GCC_TREAT_WARNINGS_AS_ERRORS = NO;
				GCC_WARN_UNUSED_LABEL = NO;
				GCC_WARN_UNUSED_PARAMETER = NO;
				INFOPLIST_FILE = "$(SRCROOT)/Courtesy/Supporting Files/Info.plist";
				IPHONEOS_DEPLOYMENT_TARGET = 9.0;
				LD_RUNPATH_SEARCH_PATHS = "$(inherited) @executable_path/Frameworks";
				MACOSX_DEPLOYMENT_TARGET = 10.11;
				OTHER_LDFLAGS = "$(inherited)";
				PRODUCT_BUNDLE_IDENTIFIER = com.darwin.courtesy;
				PRODUCT_NAME = "礼记";
				PROVISIONING_PROFILE = "0cba3284-9c0c-4447-84f6-c2facec8e6e9";
				TARGETED_DEVICE_FAMILY = "1,2";
			};
			name = Release;
		};
/* End XCBuildConfiguration section */

/* Begin XCConfigurationList section */
		2CE7E6581A62D8470072121A /* Build configuration list for PBXProject "Courtesy" */ = {
			isa = XCConfigurationList;
			buildConfigurations = (
				2CE7E67E1A62D8480072121A /* Debug */,
				2CE7E67F1A62D8480072121A /* Release */,
			);
			defaultConfigurationIsVisible = 0;
			defaultConfigurationName = Release;
		};
		2CE7E6801A62D8480072121A /* Build configuration list for PBXNativeTarget "Courtesy" */ = {
			isa = XCConfigurationList;
			buildConfigurations = (
				2CE7E6811A62D8480072121A /* Debug */,
				2CE7E6821A62D8480072121A /* Release */,
			);
			defaultConfigurationIsVisible = 0;
			defaultConfigurationName = Release;
		};
/* End XCConfigurationList section */
	};
	rootObject = 2CE7E6551A62D8470072121A /* Project object */;
}
