// !$*UTF8*$!
{
	archiveVersion = 1;
	classes = {
	};
	objectVersion = 46;
	objects = {

/* Begin PBXBuildFile section */
		0F0493231C7EB72800BCCBD2 /* UIView+FrameMethods.m in Sources */ = {isa = PBXBuildFile; fileRef = 0F0493221C7EB72800BCCBD2 /* UIView+FrameMethods.m */; };
		0F176CC71C7DAAE300172928 /* CourtesyCommonRequestModel.m in Sources */ = {isa = PBXBuildFile; fileRef = 0F176CC61C7DAAE300172928 /* CourtesyCommonRequestModel.m */; };
		0F176CD11C7DAEC300172928 /* CourtesyLoginRegisterModel.m in Sources */ = {isa = PBXBuildFile; fileRef = 0F176CD01C7DAEC300172928 /* CourtesyLoginRegisterModel.m */; };
		0F18A0D01C7965D500FDFDF5 /* CourtesyMyStarTableViewController.m in Sources */ = {isa = PBXBuildFile; fileRef = 0F18A0CF1C7965D500FDFDF5 /* CourtesyMyStarTableViewController.m */; };
		0F18A0D31C7982E900FDFDF5 /* CourtesyLeftDrawerAvatarTableViewCell.m in Sources */ = {isa = PBXBuildFile; fileRef = 0F18A0D21C7982E900FDFDF5 /* CourtesyLeftDrawerAvatarTableViewCell.m */; };
		0F1EC3051C819E66005BDB72 /* CourtesyPortraitViewController.m in Sources */ = {isa = PBXBuildFile; fileRef = 0F1EC3041C819E66005BDB72 /* CourtesyPortraitViewController.m */; };
		0F2B4DA11C7FF72D00B65E48 /* CourtesyProfileTableViewController.m in Sources */ = {isa = PBXBuildFile; fileRef = 0F2B4DA01C7FF72D00B65E48 /* CourtesyProfileTableViewController.m */; };
		0F3DA7D71C7C791B00448055 /* CourtesyLoginRegisterViewController.xib in Resources */ = {isa = PBXBuildFile; fileRef = 0F3DA7D61C7C791B00448055 /* CourtesyLoginRegisterViewController.xib */; };
		0F3DA7DB1C7C797D00448055 /* CourtesyQuickLoginButton.m in Sources */ = {isa = PBXBuildFile; fileRef = 0F3DA7DA1C7C797D00448055 /* CourtesyQuickLoginButton.m */; };
		0F3DA7DE1C7C7B2600448055 /* CourtesyLoginRegisterViewController.m in Sources */ = {isa = PBXBuildFile; fileRef = 0F3DA7DD1C7C7B2600448055 /* CourtesyLoginRegisterViewController.m */; };
		0F3DA7E11C7C7CED00448055 /* CourtesyLoginRegisterTextField.m in Sources */ = {isa = PBXBuildFile; fileRef = 0F3DA7E01C7C7CED00448055 /* CourtesyLoginRegisterTextField.m */; };
		0F575C9B1C8020A30035BD6C /* CourtesyProfileBirthdayTableViewController.m in Sources */ = {isa = PBXBuildFile; fileRef = 0F575C9A1C8020A30035BD6C /* CourtesyProfileBirthdayTableViewController.m */; };
		0F575C9F1C80285C0035BD6C /* CourtesyProfileCityTableViewController.m in Sources */ = {isa = PBXBuildFile; fileRef = 0F575C9E1C80285C0035BD6C /* CourtesyProfileCityTableViewController.m */; };
		0F575CA11C802CA50035BD6C /* area.plist in Resources */ = {isa = PBXBuildFile; fileRef = 0F575CA01C802CA50035BD6C /* area.plist */; };
		0F575CA71C803C020035BD6C /* NSDate+Astro.m in Sources */ = {isa = PBXBuildFile; fileRef = 0F575CA61C803C020035BD6C /* NSDate+Astro.m */; };
		0F5CB16C1C800DA60098DA14 /* CourtesyProfileNickTableViewController.m in Sources */ = {isa = PBXBuildFile; fileRef = 0F5CB16B1C800DA60098DA14 /* CourtesyProfileNickTableViewController.m */; };
		0F5CB1701C800EA90098DA14 /* CourtesyProfileGenderTableViewController.m in Sources */ = {isa = PBXBuildFile; fileRef = 0F5CB16F1C800EA90098DA14 /* CourtesyProfileGenderTableViewController.m */; };
		0F5CB1741C8011C70098DA14 /* CourtesyProfileMobileTableViewController.m in Sources */ = {isa = PBXBuildFile; fileRef = 0F5CB1731C8011C70098DA14 /* CourtesyProfileMobileTableViewController.m */; };
		0F5CB1781C8012790098DA14 /* CourtesyProfileIntroductionTableViewController.m in Sources */ = {isa = PBXBuildFile; fileRef = 0F5CB1771C8012790098DA14 /* CourtesyProfileIntroductionTableViewController.m */; };
		0F62D3C61C7C6BFC0024F72E /* CourtesyMyTabBarController.m in Sources */ = {isa = PBXBuildFile; fileRef = 0F62D3C51C7C6BFC0024F72E /* CourtesyMyTabBarController.m */; };
		0F6FE82E1C7F37F200AE178A /* NSNotificationCenter+Action.m in Sources */ = {isa = PBXBuildFile; fileRef = 0F6FE82D1C7F37F200AE178A /* NSNotificationCenter+Action.m */; };
		0F8ED1211C82A70800371879 /* CourtesyQRCodeModel.m in Sources */ = {isa = PBXBuildFile; fileRef = 0F8ED1201C82A70800371879 /* CourtesyQRCodeModel.m */; };
		0F8ED1271C82C33500371879 /* NSArray+QueryItems.m in Sources */ = {isa = PBXBuildFile; fileRef = 0F8ED1261C82C33500371879 /* NSArray+QueryItems.m */; };
		0F9E1D891C7C19CD0024FC4F /* GlobalSettings.m in Sources */ = {isa = PBXBuildFile; fileRef = 0F9E1D881C7C19CD0024FC4F /* GlobalSettings.m */; };
		0F9E1D8E1C7C583C0024FC4F /* CourtesyMyInboxTableViewController.m in Sources */ = {isa = PBXBuildFile; fileRef = 0F9E1D8D1C7C583C0024FC4F /* CourtesyMyInboxTableViewController.m */; };
		0F9E1D911C7C58580024FC4F /* CourtesyMyOutboxTableViewController.m in Sources */ = {isa = PBXBuildFile; fileRef = 0F9E1D901C7C58580024FC4F /* CourtesyMyOutboxTableViewController.m */; };
		0F9E1D971C7C59550024FC4F /* CourtesyMyInboxEmptyTipTableViewCell.m in Sources */ = {isa = PBXBuildFile; fileRef = 0F9E1D961C7C59550024FC4F /* CourtesyMyInboxEmptyTipTableViewCell.m */; };
		0F9E1D9D1C7C598D0024FC4F /* CourtesyMyOutboxEmptyTipTableViewCell.m in Sources */ = {isa = PBXBuildFile; fileRef = 0F9E1D9C1C7C598D0024FC4F /* CourtesyMyOutboxEmptyTipTableViewCell.m */; };
		0FBA715A1C7ABA9C00053696 /* CourtesyMessageNotificationSettingsTableViewController.m in Sources */ = {isa = PBXBuildFile; fileRef = 0FBA71591C7ABA9C00053696 /* CourtesyMessageNotificationSettingsTableViewController.m */; };
		0FBA71641C7AF97900053696 /* CourtesyAboutViewController.m in Sources */ = {isa = PBXBuildFile; fileRef = 0FBA71631C7AF97900053696 /* CourtesyAboutViewController.m */; };
		0FBA71691C7B104400053696 /* CourtesyUserAgreementWebViewController.m in Sources */ = {isa = PBXBuildFile; fileRef = 0FBA71681C7B104400053696 /* CourtesyUserAgreementWebViewController.m */; };
		0FBA716A1C7B14AC00053696 /* tos.html in Resources */ = {isa = PBXBuildFile; fileRef = 0FBA71651C7B0E4E00053696 /* tos.html */; };
		0FBA71741C7B2A0400053696 /* MessageUI.framework in Frameworks */ = {isa = PBXBuildFile; fileRef = 0FBA71731C7B2A0400053696 /* MessageUI.framework */; };
		0FBA71791C7B492300053696 /* CourtesyGalleryTableViewController.m in Sources */ = {isa = PBXBuildFile; fileRef = 0FBA71781C7B492300053696 /* CourtesyGalleryTableViewController.m */; };
		0FBA71801C7B5CD700053696 /* CourtesyGalleryEmptyTipTableViewCell.m in Sources */ = {isa = PBXBuildFile; fileRef = 0FBA717F1C7B5CD700053696 /* CourtesyGalleryEmptyTipTableViewCell.m */; };
		0FBBF7231C78BD4700A0A2D1 /* AppDelegate.m in Sources */ = {isa = PBXBuildFile; fileRef = 0FBBF7131C78BD4700A0A2D1 /* AppDelegate.m */; };
		0FBBF7241C78BD4700A0A2D1 /* Drawers.storyboard in Resources */ = {isa = PBXBuildFile; fileRef = 0FBBF7141C78BD4700A0A2D1 /* Drawers.storyboard */; };
		0FBBF7261C78BD4700A0A2D1 /* CourtesyGithubWebViewController.m in Sources */ = {isa = PBXBuildFile; fileRef = 0FBBF7191C78BD4700A0A2D1 /* CourtesyGithubWebViewController.m */; };
		0FBBF7271C78BD4700A0A2D1 /* CourtesyLeftDrawerMenuTableViewCell.m in Sources */ = {isa = PBXBuildFile; fileRef = 0FBBF71B1C78BD4700A0A2D1 /* CourtesyLeftDrawerMenuTableViewCell.m */; };
		0FBBF7281C78BD4700A0A2D1 /* CourtesyLeftDrawerTableViewController.m in Sources */ = {isa = PBXBuildFile; fileRef = 0FBBF71D1C78BD4700A0A2D1 /* CourtesyLeftDrawerTableViewController.m */; };
		0FBBF7291C78BD4700A0A2D1 /* CourtesyAnimationSettingsTableViewController.m in Sources */ = {isa = PBXBuildFile; fileRef = 0FBBF71F1C78BD4700A0A2D1 /* CourtesyAnimationSettingsTableViewController.m */; };
		0FBBF72A1C78BD4700A0A2D1 /* Images.xcassets in Resources */ = {isa = PBXBuildFile; fileRef = 0FBBF7201C78BD4700A0A2D1 /* Images.xcassets */; };
		0FBBF72C1C78BD4700A0A2D1 /* main.m in Sources */ = {isa = PBXBuildFile; fileRef = 0FBBF7221C78BD4700A0A2D1 /* main.m */; };
		0FBBF72F1C78BFA200A0A2D1 /* AudioToolbox.framework in Frameworks */ = {isa = PBXBuildFile; fileRef = 0FBBF72E1C78BFA200A0A2D1 /* AudioToolbox.framework */; };
		0FBC36B31C7D664400057EBE /* CourtesyAccountProfileModel.m in Sources */ = {isa = PBXBuildFile; fileRef = 0FBC36B21C7D664400057EBE /* CourtesyAccountProfileModel.m */; };
		0FBD32D51C7DEAF80025D501 /* NSDictionary+Subscript.m in Sources */ = {isa = PBXBuildFile; fileRef = 0FBD32D41C7DEAF80025D501 /* NSDictionary+Subscript.m */; };
		0FC6CF011C79B127007B666B /* CodeScan.bundle in Resources */ = {isa = PBXBuildFile; fileRef = 0FC6CF001C79B127007B666B /* CodeScan.bundle */; };
		0FC6CF041C79B161007B666B /* CourtesyQRScanViewController.m in Sources */ = {isa = PBXBuildFile; fileRef = 0FC6CF031C79B161007B666B /* CourtesyQRScanViewController.m */; };
		0FC6CF071C79DF7B007B666B /* CourtesyMyStarEmptyTipTableViewCell.m in Sources */ = {isa = PBXBuildFile; fileRef = 0FC6CF061C79DF7B007B666B /* CourtesyMyStarEmptyTipTableViewCell.m */; };
		0FC6CF0B1C79F4B0007B666B /* CourtesySettingsTableViewController.m in Sources */ = {isa = PBXBuildFile; fileRef = 0FC6CF0A1C79F4B0007B666B /* CourtesySettingsTableViewController.m */; };
		0FC6CF0F1C7A01E8007B666B /* kisssound.wav in Resources */ = {isa = PBXBuildFile; fileRef = 0FC6CF0E1C7A01E8007B666B /* kisssound.wav */; };
		0FC910D11C7C955700CEF533 /* CourtesyAccountModel.m in Sources */ = {isa = PBXBuildFile; fileRef = 0FC910D01C7C955700CEF533 /* CourtesyAccountModel.m */; };
		0FD0205B1C8144F80069AB72 /* CourtesyAccountSettingsTableViewController.m in Sources */ = {isa = PBXBuildFile; fileRef = 0FD0205A1C8144F80069AB72 /* CourtesyAccountSettingsTableViewController.m */; };
		BC703599663B4BCB91E9CC88 /* libPods-Courtesy.a in Frameworks */ = {isa = PBXBuildFile; fileRef = 4F634EFABF4A9FFF86FA2638 /* libPods-Courtesy.a */; };
/* End PBXBuildFile section */

/* Begin PBXFileReference section */
		05940789181F806AF4D4F3D2 /* Pods-Courtesy.release.xcconfig */ = {isa = PBXFileReference; includeInIndex = 1; lastKnownFileType = text.xcconfig; name = "Pods-Courtesy.release.xcconfig"; path = "Pods/Target Support Files/Pods-Courtesy/Pods-Courtesy.release.xcconfig"; sourceTree = "<group>"; };
		0F0493211C7EB72800BCCBD2 /* UIView+FrameMethods.h */ = {isa = PBXFileReference; fileEncoding = 4; lastKnownFileType = sourcecode.c.h; path = "UIView+FrameMethods.h"; sourceTree = "<group>"; };
		0F0493221C7EB72800BCCBD2 /* UIView+FrameMethods.m */ = {isa = PBXFileReference; fileEncoding = 4; lastKnownFileType = sourcecode.c.objc; path = "UIView+FrameMethods.m"; sourceTree = "<group>"; };
		0F176CC51C7DAAE300172928 /* CourtesyCommonRequestModel.h */ = {isa = PBXFileReference; fileEncoding = 4; lastKnownFileType = sourcecode.c.h; path = CourtesyCommonRequestModel.h; sourceTree = "<group>"; };
		0F176CC61C7DAAE300172928 /* CourtesyCommonRequestModel.m */ = {isa = PBXFileReference; fileEncoding = 4; lastKnownFileType = sourcecode.c.objc; path = CourtesyCommonRequestModel.m; sourceTree = "<group>"; };
		0F176CCF1C7DAEC300172928 /* CourtesyLoginRegisterModel.h */ = {isa = PBXFileReference; fileEncoding = 4; lastKnownFileType = sourcecode.c.h; path = CourtesyLoginRegisterModel.h; sourceTree = "<group>"; };
		0F176CD01C7DAEC300172928 /* CourtesyLoginRegisterModel.m */ = {isa = PBXFileReference; fileEncoding = 4; lastKnownFileType = sourcecode.c.objc; path = CourtesyLoginRegisterModel.m; sourceTree = "<group>"; };
		0F18A0CE1C7965D500FDFDF5 /* CourtesyMyStarTableViewController.h */ = {isa = PBXFileReference; fileEncoding = 4; lastKnownFileType = sourcecode.c.h; path = CourtesyMyStarTableViewController.h; sourceTree = "<group>"; };
		0F18A0CF1C7965D500FDFDF5 /* CourtesyMyStarTableViewController.m */ = {isa = PBXFileReference; fileEncoding = 4; lastKnownFileType = sourcecode.c.objc; path = CourtesyMyStarTableViewController.m; sourceTree = "<group>"; };
		0F18A0D11C7982E900FDFDF5 /* CourtesyLeftDrawerAvatarTableViewCell.h */ = {isa = PBXFileReference; fileEncoding = 4; lastKnownFileType = sourcecode.c.h; path = CourtesyLeftDrawerAvatarTableViewCell.h; sourceTree = "<group>"; };
		0F18A0D21C7982E900FDFDF5 /* CourtesyLeftDrawerAvatarTableViewCell.m */ = {isa = PBXFileReference; fileEncoding = 4; lastKnownFileType = sourcecode.c.objc; path = CourtesyLeftDrawerAvatarTableViewCell.m; sourceTree = "<group>"; };
		0F1EC3031C819E66005BDB72 /* CourtesyPortraitViewController.h */ = {isa = PBXFileReference; fileEncoding = 4; lastKnownFileType = sourcecode.c.h; path = CourtesyPortraitViewController.h; sourceTree = "<group>"; };
		0F1EC3041C819E66005BDB72 /* CourtesyPortraitViewController.m */ = {isa = PBXFileReference; fileEncoding = 4; lastKnownFileType = sourcecode.c.objc; path = CourtesyPortraitViewController.m; sourceTree = "<group>"; };
		0F2B4D9F1C7FF72D00B65E48 /* CourtesyProfileTableViewController.h */ = {isa = PBXFileReference; fileEncoding = 4; lastKnownFileType = sourcecode.c.h; path = CourtesyProfileTableViewController.h; sourceTree = "<group>"; };
		0F2B4DA01C7FF72D00B65E48 /* CourtesyProfileTableViewController.m */ = {isa = PBXFileReference; fileEncoding = 4; lastKnownFileType = sourcecode.c.objc; path = CourtesyProfileTableViewController.m; sourceTree = "<group>"; };
		0F3DA7D61C7C791B00448055 /* CourtesyLoginRegisterViewController.xib */ = {isa = PBXFileReference; fileEncoding = 4; lastKnownFileType = file.xib; path = CourtesyLoginRegisterViewController.xib; sourceTree = "<group>"; };
		0F3DA7D91C7C797D00448055 /* CourtesyQuickLoginButton.h */ = {isa = PBXFileReference; fileEncoding = 4; lastKnownFileType = sourcecode.c.h; path = CourtesyQuickLoginButton.h; sourceTree = "<group>"; };
		0F3DA7DA1C7C797D00448055 /* CourtesyQuickLoginButton.m */ = {isa = PBXFileReference; fileEncoding = 4; lastKnownFileType = sourcecode.c.objc; path = CourtesyQuickLoginButton.m; sourceTree = "<group>"; };
		0F3DA7DC1C7C7B2600448055 /* CourtesyLoginRegisterViewController.h */ = {isa = PBXFileReference; fileEncoding = 4; lastKnownFileType = sourcecode.c.h; path = CourtesyLoginRegisterViewController.h; sourceTree = "<group>"; };
		0F3DA7DD1C7C7B2600448055 /* CourtesyLoginRegisterViewController.m */ = {isa = PBXFileReference; fileEncoding = 4; lastKnownFileType = sourcecode.c.objc; lineEnding = 0; path = CourtesyLoginRegisterViewController.m; sourceTree = "<group>"; xcLanguageSpecificationIdentifier = xcode.lang.objc; };
		0F3DA7DF1C7C7CED00448055 /* CourtesyLoginRegisterTextField.h */ = {isa = PBXFileReference; fileEncoding = 4; lastKnownFileType = sourcecode.c.h; path = CourtesyLoginRegisterTextField.h; sourceTree = "<group>"; };
		0F3DA7E01C7C7CED00448055 /* CourtesyLoginRegisterTextField.m */ = {isa = PBXFileReference; fileEncoding = 4; lastKnownFileType = sourcecode.c.objc; path = CourtesyLoginRegisterTextField.m; sourceTree = "<group>"; };
		0F575C991C8020A30035BD6C /* CourtesyProfileBirthdayTableViewController.h */ = {isa = PBXFileReference; fileEncoding = 4; lastKnownFileType = sourcecode.c.h; path = CourtesyProfileBirthdayTableViewController.h; sourceTree = "<group>"; };
		0F575C9A1C8020A30035BD6C /* CourtesyProfileBirthdayTableViewController.m */ = {isa = PBXFileReference; fileEncoding = 4; lastKnownFileType = sourcecode.c.objc; path = CourtesyProfileBirthdayTableViewController.m; sourceTree = "<group>"; };
		0F575C9D1C80285C0035BD6C /* CourtesyProfileCityTableViewController.h */ = {isa = PBXFileReference; fileEncoding = 4; lastKnownFileType = sourcecode.c.h; path = CourtesyProfileCityTableViewController.h; sourceTree = "<group>"; };
		0F575C9E1C80285C0035BD6C /* CourtesyProfileCityTableViewController.m */ = {isa = PBXFileReference; fileEncoding = 4; lastKnownFileType = sourcecode.c.objc; path = CourtesyProfileCityTableViewController.m; sourceTree = "<group>"; };
		0F575CA01C802CA50035BD6C /* area.plist */ = {isa = PBXFileReference; fileEncoding = 4; lastKnownFileType = text.plist.xml; path = area.plist; sourceTree = "<group>"; };
		0F575CA51C803C020035BD6C /* NSDate+Astro.h */ = {isa = PBXFileReference; fileEncoding = 4; lastKnownFileType = sourcecode.c.h; path = "NSDate+Astro.h"; sourceTree = "<group>"; };
		0F575CA61C803C020035BD6C /* NSDate+Astro.m */ = {isa = PBXFileReference; fileEncoding = 4; lastKnownFileType = sourcecode.c.objc; path = "NSDate+Astro.m"; sourceTree = "<group>"; };
		0F5CB16A1C800DA60098DA14 /* CourtesyProfileNickTableViewController.h */ = {isa = PBXFileReference; fileEncoding = 4; lastKnownFileType = sourcecode.c.h; path = CourtesyProfileNickTableViewController.h; sourceTree = "<group>"; };
		0F5CB16B1C800DA60098DA14 /* CourtesyProfileNickTableViewController.m */ = {isa = PBXFileReference; fileEncoding = 4; lastKnownFileType = sourcecode.c.objc; path = CourtesyProfileNickTableViewController.m; sourceTree = "<group>"; };
		0F5CB16E1C800EA90098DA14 /* CourtesyProfileGenderTableViewController.h */ = {isa = PBXFileReference; fileEncoding = 4; lastKnownFileType = sourcecode.c.h; path = CourtesyProfileGenderTableViewController.h; sourceTree = "<group>"; };
		0F5CB16F1C800EA90098DA14 /* CourtesyProfileGenderTableViewController.m */ = {isa = PBXFileReference; fileEncoding = 4; lastKnownFileType = sourcecode.c.objc; path = CourtesyProfileGenderTableViewController.m; sourceTree = "<group>"; };
		0F5CB1721C8011C70098DA14 /* CourtesyProfileMobileTableViewController.h */ = {isa = PBXFileReference; fileEncoding = 4; lastKnownFileType = sourcecode.c.h; path = CourtesyProfileMobileTableViewController.h; sourceTree = "<group>"; };
		0F5CB1731C8011C70098DA14 /* CourtesyProfileMobileTableViewController.m */ = {isa = PBXFileReference; fileEncoding = 4; lastKnownFileType = sourcecode.c.objc; path = CourtesyProfileMobileTableViewController.m; sourceTree = "<group>"; };
		0F5CB1761C8012790098DA14 /* CourtesyProfileIntroductionTableViewController.h */ = {isa = PBXFileReference; fileEncoding = 4; lastKnownFileType = sourcecode.c.h; path = CourtesyProfileIntroductionTableViewController.h; sourceTree = "<group>"; };
		0F5CB1771C8012790098DA14 /* CourtesyProfileIntroductionTableViewController.m */ = {isa = PBXFileReference; fileEncoding = 4; lastKnownFileType = sourcecode.c.objc; path = CourtesyProfileIntroductionTableViewController.m; sourceTree = "<group>"; };
		0F62D3C41C7C6BFC0024F72E /* CourtesyMyTabBarController.h */ = {isa = PBXFileReference; fileEncoding = 4; lastKnownFileType = sourcecode.c.h; path = CourtesyMyTabBarController.h; sourceTree = "<group>"; };
		0F62D3C51C7C6BFC0024F72E /* CourtesyMyTabBarController.m */ = {isa = PBXFileReference; fileEncoding = 4; lastKnownFileType = sourcecode.c.objc; path = CourtesyMyTabBarController.m; sourceTree = "<group>"; };
		0F6FE82C1C7F37F200AE178A /* NSNotificationCenter+Action.h */ = {isa = PBXFileReference; fileEncoding = 4; lastKnownFileType = sourcecode.c.h; path = "NSNotificationCenter+Action.h"; sourceTree = "<group>"; };
		0F6FE82D1C7F37F200AE178A /* NSNotificationCenter+Action.m */ = {isa = PBXFileReference; fileEncoding = 4; lastKnownFileType = sourcecode.c.objc; lineEnding = 0; path = "NSNotificationCenter+Action.m"; sourceTree = "<group>"; xcLanguageSpecificationIdentifier = xcode.lang.objc; };
		0F8ED11F1C82A70800371879 /* CourtesyQRCodeModel.h */ = {isa = PBXFileReference; fileEncoding = 4; lastKnownFileType = sourcecode.c.h; path = CourtesyQRCodeModel.h; sourceTree = "<group>"; };
		0F8ED1201C82A70800371879 /* CourtesyQRCodeModel.m */ = {isa = PBXFileReference; fileEncoding = 4; lastKnownFileType = sourcecode.c.objc; path = CourtesyQRCodeModel.m; sourceTree = "<group>"; };
		0F8ED1251C82C33500371879 /* NSArray+QueryItems.h */ = {isa = PBXFileReference; fileEncoding = 4; lastKnownFileType = sourcecode.c.h; path = "NSArray+QueryItems.h"; sourceTree = "<group>"; };
		0F8ED1261C82C33500371879 /* NSArray+QueryItems.m */ = {isa = PBXFileReference; fileEncoding = 4; lastKnownFileType = sourcecode.c.objc; path = "NSArray+QueryItems.m"; sourceTree = "<group>"; };
		0F9E1D871C7C19CD0024FC4F /* GlobalSettings.h */ = {isa = PBXFileReference; fileEncoding = 4; lastKnownFileType = sourcecode.c.h; path = GlobalSettings.h; sourceTree = "<group>"; };
		0F9E1D881C7C19CD0024FC4F /* GlobalSettings.m */ = {isa = PBXFileReference; fileEncoding = 4; lastKnownFileType = sourcecode.c.objc; path = GlobalSettings.m; sourceTree = "<group>"; };
		0F9E1D8B1C7C51CE0024FC4F /* PrefixHeader.pch */ = {isa = PBXFileReference; fileEncoding = 4; lastKnownFileType = sourcecode.c.h; path = PrefixHeader.pch; sourceTree = "<group>"; };
		0F9E1D8C1C7C583C0024FC4F /* CourtesyMyInboxTableViewController.h */ = {isa = PBXFileReference; fileEncoding = 4; lastKnownFileType = sourcecode.c.h; path = CourtesyMyInboxTableViewController.h; sourceTree = "<group>"; };
		0F9E1D8D1C7C583C0024FC4F /* CourtesyMyInboxTableViewController.m */ = {isa = PBXFileReference; fileEncoding = 4; lastKnownFileType = sourcecode.c.objc; path = CourtesyMyInboxTableViewController.m; sourceTree = "<group>"; };
		0F9E1D8F1C7C58580024FC4F /* CourtesyMyOutboxTableViewController.h */ = {isa = PBXFileReference; fileEncoding = 4; lastKnownFileType = sourcecode.c.h; path = CourtesyMyOutboxTableViewController.h; sourceTree = "<group>"; };
		0F9E1D901C7C58580024FC4F /* CourtesyMyOutboxTableViewController.m */ = {isa = PBXFileReference; fileEncoding = 4; lastKnownFileType = sourcecode.c.objc; path = CourtesyMyOutboxTableViewController.m; sourceTree = "<group>"; };
		0F9E1D951C7C59550024FC4F /* CourtesyMyInboxEmptyTipTableViewCell.h */ = {isa = PBXFileReference; fileEncoding = 4; lastKnownFileType = sourcecode.c.h; path = CourtesyMyInboxEmptyTipTableViewCell.h; sourceTree = "<group>"; };
		0F9E1D961C7C59550024FC4F /* CourtesyMyInboxEmptyTipTableViewCell.m */ = {isa = PBXFileReference; fileEncoding = 4; lastKnownFileType = sourcecode.c.objc; path = CourtesyMyInboxEmptyTipTableViewCell.m; sourceTree = "<group>"; };
		0F9E1D9B1C7C598D0024FC4F /* CourtesyMyOutboxEmptyTipTableViewCell.h */ = {isa = PBXFileReference; fileEncoding = 4; lastKnownFileType = sourcecode.c.h; path = CourtesyMyOutboxEmptyTipTableViewCell.h; sourceTree = "<group>"; };
		0F9E1D9C1C7C598D0024FC4F /* CourtesyMyOutboxEmptyTipTableViewCell.m */ = {isa = PBXFileReference; fileEncoding = 4; lastKnownFileType = sourcecode.c.objc; path = CourtesyMyOutboxEmptyTipTableViewCell.m; sourceTree = "<group>"; };
		0FBA71581C7ABA9C00053696 /* CourtesyMessageNotificationSettingsTableViewController.h */ = {isa = PBXFileReference; fileEncoding = 4; lastKnownFileType = sourcecode.c.h; path = CourtesyMessageNotificationSettingsTableViewController.h; sourceTree = "<group>"; };
		0FBA71591C7ABA9C00053696 /* CourtesyMessageNotificationSettingsTableViewController.m */ = {isa = PBXFileReference; fileEncoding = 4; lastKnownFileType = sourcecode.c.objc; path = CourtesyMessageNotificationSettingsTableViewController.m; sourceTree = "<group>"; };
		0FBA71621C7AF97900053696 /* CourtesyAboutViewController.h */ = {isa = PBXFileReference; fileEncoding = 4; lastKnownFileType = sourcecode.c.h; path = CourtesyAboutViewController.h; sourceTree = "<group>"; };
		0FBA71631C7AF97900053696 /* CourtesyAboutViewController.m */ = {isa = PBXFileReference; fileEncoding = 4; lastKnownFileType = sourcecode.c.objc; path = CourtesyAboutViewController.m; sourceTree = "<group>"; };
		0FBA71651C7B0E4E00053696 /* tos.html */ = {isa = PBXFileReference; lastKnownFileType = text.html; path = tos.html; sourceTree = "<group>"; };
		0FBA71671C7B104400053696 /* CourtesyUserAgreementWebViewController.h */ = {isa = PBXFileReference; fileEncoding = 4; lastKnownFileType = sourcecode.c.h; path = CourtesyUserAgreementWebViewController.h; sourceTree = "<group>"; };
		0FBA71681C7B104400053696 /* CourtesyUserAgreementWebViewController.m */ = {isa = PBXFileReference; fileEncoding = 4; lastKnownFileType = sourcecode.c.objc; path = CourtesyUserAgreementWebViewController.m; sourceTree = "<group>"; };
		0FBA71731C7B2A0400053696 /* MessageUI.framework */ = {isa = PBXFileReference; lastKnownFileType = wrapper.framework; name = MessageUI.framework; path = System/Library/Frameworks/MessageUI.framework; sourceTree = SDKROOT; };
		0FBA71771C7B492300053696 /* CourtesyGalleryTableViewController.h */ = {isa = PBXFileReference; fileEncoding = 4; lastKnownFileType = sourcecode.c.h; path = CourtesyGalleryTableViewController.h; sourceTree = "<group>"; };
		0FBA71781C7B492300053696 /* CourtesyGalleryTableViewController.m */ = {isa = PBXFileReference; fileEncoding = 4; lastKnownFileType = sourcecode.c.objc; path = CourtesyGalleryTableViewController.m; sourceTree = "<group>"; };
		0FBA717E1C7B5CD700053696 /* CourtesyGalleryEmptyTipTableViewCell.h */ = {isa = PBXFileReference; fileEncoding = 4; lastKnownFileType = sourcecode.c.h; path = CourtesyGalleryEmptyTipTableViewCell.h; sourceTree = "<group>"; };
		0FBA717F1C7B5CD700053696 /* CourtesyGalleryEmptyTipTableViewCell.m */ = {isa = PBXFileReference; fileEncoding = 4; lastKnownFileType = sourcecode.c.objc; path = CourtesyGalleryEmptyTipTableViewCell.m; sourceTree = "<group>"; };
		0FBBF7121C78BD4700A0A2D1 /* AppDelegate.h */ = {isa = PBXFileReference; fileEncoding = 4; lastKnownFileType = sourcecode.c.h; path = AppDelegate.h; sourceTree = "<group>"; };
		0FBBF7131C78BD4700A0A2D1 /* AppDelegate.m */ = {isa = PBXFileReference; fileEncoding = 4; lastKnownFileType = sourcecode.c.objc; lineEnding = 0; path = AppDelegate.m; sourceTree = "<group>"; xcLanguageSpecificationIdentifier = xcode.lang.objc; };
		0FBBF7151C78BD4700A0A2D1 /* Base */ = {isa = PBXFileReference; lastKnownFileType = file.storyboard; name = Base; path = Base.lproj/Drawers.storyboard; sourceTree = "<group>"; };
		0FBBF7181C78BD4700A0A2D1 /* CourtesyGithubWebViewController.h */ = {isa = PBXFileReference; fileEncoding = 4; lastKnownFileType = sourcecode.c.h; path = CourtesyGithubWebViewController.h; sourceTree = "<group>"; };
		0FBBF7191C78BD4700A0A2D1 /* CourtesyGithubWebViewController.m */ = {isa = PBXFileReference; fileEncoding = 4; lastKnownFileType = sourcecode.c.objc; path = CourtesyGithubWebViewController.m; sourceTree = "<group>"; };
		0FBBF71A1C78BD4700A0A2D1 /* CourtesyLeftDrawerMenuTableViewCell.h */ = {isa = PBXFileReference; fileEncoding = 4; lastKnownFileType = sourcecode.c.h; path = CourtesyLeftDrawerMenuTableViewCell.h; sourceTree = "<group>"; };
		0FBBF71B1C78BD4700A0A2D1 /* CourtesyLeftDrawerMenuTableViewCell.m */ = {isa = PBXFileReference; fileEncoding = 4; lastKnownFileType = sourcecode.c.objc; path = CourtesyLeftDrawerMenuTableViewCell.m; sourceTree = "<group>"; };
		0FBBF71C1C78BD4700A0A2D1 /* CourtesyLeftDrawerTableViewController.h */ = {isa = PBXFileReference; fileEncoding = 4; lastKnownFileType = sourcecode.c.h; path = CourtesyLeftDrawerTableViewController.h; sourceTree = "<group>"; };
		0FBBF71D1C78BD4700A0A2D1 /* CourtesyLeftDrawerTableViewController.m */ = {isa = PBXFileReference; fileEncoding = 4; lastKnownFileType = sourcecode.c.objc; lineEnding = 0; path = CourtesyLeftDrawerTableViewController.m; sourceTree = "<group>"; xcLanguageSpecificationIdentifier = xcode.lang.objc; };
		0FBBF71E1C78BD4700A0A2D1 /* CourtesyAnimationSettingsTableViewController.h */ = {isa = PBXFileReference; fileEncoding = 4; lastKnownFileType = sourcecode.c.h; path = CourtesyAnimationSettingsTableViewController.h; sourceTree = "<group>"; };
		0FBBF71F1C78BD4700A0A2D1 /* CourtesyAnimationSettingsTableViewController.m */ = {isa = PBXFileReference; fileEncoding = 4; lastKnownFileType = sourcecode.c.objc; path = CourtesyAnimationSettingsTableViewController.m; sourceTree = "<group>"; };
		0FBBF7201C78BD4700A0A2D1 /* Images.xcassets */ = {isa = PBXFileReference; lastKnownFileType = folder.assetcatalog; path = Images.xcassets; sourceTree = "<group>"; };
		0FBBF7211C78BD4700A0A2D1 /* Info.plist */ = {isa = PBXFileReference; fileEncoding = 4; lastKnownFileType = text.plist.xml; path = Info.plist; sourceTree = "<group>"; };
		0FBBF7221C78BD4700A0A2D1 /* main.m */ = {isa = PBXFileReference; fileEncoding = 4; lastKnownFileType = sourcecode.c.objc; path = main.m; sourceTree = "<group>"; };
		0FBBF72E1C78BFA200A0A2D1 /* AudioToolbox.framework */ = {isa = PBXFileReference; lastKnownFileType = wrapper.framework; name = AudioToolbox.framework; path = System/Library/Frameworks/AudioToolbox.framework; sourceTree = SDKROOT; };
		0FBBF7301C78BFA200A0A2D1 /* Courtesy.entitlements */ = {isa = PBXFileReference; lastKnownFileType = text.xml; path = Courtesy.entitlements; sourceTree = "<group>"; };
		0FBC36B11C7D664400057EBE /* CourtesyAccountProfileModel.h */ = {isa = PBXFileReference; fileEncoding = 4; lastKnownFileType = sourcecode.c.h; path = CourtesyAccountProfileModel.h; sourceTree = "<group>"; };
		0FBC36B21C7D664400057EBE /* CourtesyAccountProfileModel.m */ = {isa = PBXFileReference; fileEncoding = 4; lastKnownFileType = sourcecode.c.objc; path = CourtesyAccountProfileModel.m; sourceTree = "<group>"; };
		0FBD32D31C7DEAF80025D501 /* NSDictionary+Subscript.h */ = {isa = PBXFileReference; fileEncoding = 4; lastKnownFileType = sourcecode.c.h; path = "NSDictionary+Subscript.h"; sourceTree = "<group>"; };
		0FBD32D41C7DEAF80025D501 /* NSDictionary+Subscript.m */ = {isa = PBXFileReference; fileEncoding = 4; lastKnownFileType = sourcecode.c.objc; path = "NSDictionary+Subscript.m"; sourceTree = "<group>"; };
		0FC6CF001C79B127007B666B /* CodeScan.bundle */ = {isa = PBXFileReference; lastKnownFileType = "wrapper.plug-in"; path = CodeScan.bundle; sourceTree = "<group>"; };
		0FC6CF021C79B161007B666B /* CourtesyQRScanViewController.h */ = {isa = PBXFileReference; fileEncoding = 4; lastKnownFileType = sourcecode.c.h; path = CourtesyQRScanViewController.h; sourceTree = "<group>"; };
		0FC6CF031C79B161007B666B /* CourtesyQRScanViewController.m */ = {isa = PBXFileReference; fileEncoding = 4; lastKnownFileType = sourcecode.c.objc; path = CourtesyQRScanViewController.m; sourceTree = "<group>"; };
		0FC6CF051C79DF7B007B666B /* CourtesyMyStarEmptyTipTableViewCell.h */ = {isa = PBXFileReference; fileEncoding = 4; lastKnownFileType = sourcecode.c.h; path = CourtesyMyStarEmptyTipTableViewCell.h; sourceTree = "<group>"; };
		0FC6CF061C79DF7B007B666B /* CourtesyMyStarEmptyTipTableViewCell.m */ = {isa = PBXFileReference; fileEncoding = 4; lastKnownFileType = sourcecode.c.objc; path = CourtesyMyStarEmptyTipTableViewCell.m; sourceTree = "<group>"; };
		0FC6CF091C79F4B0007B666B /* CourtesySettingsTableViewController.h */ = {isa = PBXFileReference; fileEncoding = 4; lastKnownFileType = sourcecode.c.h; path = CourtesySettingsTableViewController.h; sourceTree = "<group>"; };
		0FC6CF0A1C79F4B0007B666B /* CourtesySettingsTableViewController.m */ = {isa = PBXFileReference; fileEncoding = 4; lastKnownFileType = sourcecode.c.objc; lineEnding = 0; path = CourtesySettingsTableViewController.m; sourceTree = "<group>"; xcLanguageSpecificationIdentifier = xcode.lang.objc; };
		0FC6CF0E1C7A01E8007B666B /* kisssound.wav */ = {isa = PBXFileReference; lastKnownFileType = audio.wav; path = kisssound.wav; sourceTree = "<group>"; };
		0FC910CF1C7C955700CEF533 /* CourtesyAccountModel.h */ = {isa = PBXFileReference; fileEncoding = 4; lastKnownFileType = sourcecode.c.h; path = CourtesyAccountModel.h; sourceTree = "<group>"; };
		0FC910D01C7C955700CEF533 /* CourtesyAccountModel.m */ = {isa = PBXFileReference; fileEncoding = 4; lastKnownFileType = sourcecode.c.objc; path = CourtesyAccountModel.m; sourceTree = "<group>"; };
		0FD020591C8144F80069AB72 /* CourtesyAccountSettingsTableViewController.h */ = {isa = PBXFileReference; fileEncoding = 4; lastKnownFileType = sourcecode.c.h; path = CourtesyAccountSettingsTableViewController.h; sourceTree = "<group>"; };
		0FD0205A1C8144F80069AB72 /* CourtesyAccountSettingsTableViewController.m */ = {isa = PBXFileReference; fileEncoding = 4; lastKnownFileType = sourcecode.c.objc; path = CourtesyAccountSettingsTableViewController.m; sourceTree = "<group>"; };
		0FD0205C1C81733E0069AB72 /* SystemConfiguration.framework */ = {isa = PBXFileReference; lastKnownFileType = wrapper.framework; name = SystemConfiguration.framework; path = System/Library/Frameworks/SystemConfiguration.framework; sourceTree = SDKROOT; };
		2CE7E65D1A62D8470072121A /* 礼记.app */ = {isa = PBXFileReference; explicitFileType = wrapper.application; includeInIndex = 0; path = "礼记.app"; sourceTree = BUILT_PRODUCTS_DIR; };
		4F634EFABF4A9FFF86FA2638 /* libPods-Courtesy.a */ = {isa = PBXFileReference; explicitFileType = archive.ar; includeInIndex = 0; path = "libPods-Courtesy.a"; sourceTree = BUILT_PRODUCTS_DIR; };
		F79D89D6F986E82FABAC7E77 /* Pods-Courtesy.debug.xcconfig */ = {isa = PBXFileReference; includeInIndex = 1; lastKnownFileType = text.xcconfig; name = "Pods-Courtesy.debug.xcconfig"; path = "Pods/Target Support Files/Pods-Courtesy/Pods-Courtesy.debug.xcconfig"; sourceTree = "<group>"; };
/* End PBXFileReference section */

/* Begin PBXFrameworksBuildPhase section */
		2CE7E65A1A62D8470072121A /* Frameworks */ = {
			isa = PBXFrameworksBuildPhase;
			buildActionMask = 2147483647;
			files = (
				0FBA71741C7B2A0400053696 /* MessageUI.framework in Frameworks */,
				BC703599663B4BCB91E9CC88 /* libPods-Courtesy.a in Frameworks */,
				0FBBF72F1C78BFA200A0A2D1 /* AudioToolbox.framework in Frameworks */,
			);
			runOnlyForDeploymentPostprocessing = 0;
		};
/* End PBXFrameworksBuildPhase section */

/* Begin PBXGroup section */
		0F0493241C7EDA7D00BCCBD2 /* Profile and Avatar */ = {
			isa = PBXGroup;
			children = (
				0FBC36B11C7D664400057EBE /* CourtesyAccountProfileModel.h */,
				0FBC36B21C7D664400057EBE /* CourtesyAccountProfileModel.m */,
			);
			name = "Profile and Avatar";
			sourceTree = "<group>";
		};
		0F176CD21C7DB13200172928 /* Login and Register */ = {
			isa = PBXGroup;
			children = (
				0F176CCF1C7DAEC300172928 /* CourtesyLoginRegisterModel.h */,
				0F176CD01C7DAEC300172928 /* CourtesyLoginRegisterModel.m */,
			);
			name = "Login and Register";
			sourceTree = "<group>";
		};
		0F18A0C51C795CCC00FDFDF5 /* Left Drawer Table */ = {
			isa = PBXGroup;
			children = (
				0F18A0D11C7982E900FDFDF5 /* CourtesyLeftDrawerAvatarTableViewCell.h */,
				0F18A0D21C7982E900FDFDF5 /* CourtesyLeftDrawerAvatarTableViewCell.m */,
				0FBBF71A1C78BD4700A0A2D1 /* CourtesyLeftDrawerMenuTableViewCell.h */,
				0FBBF71B1C78BD4700A0A2D1 /* CourtesyLeftDrawerMenuTableViewCell.m */,
				0FBBF71C1C78BD4700A0A2D1 /* CourtesyLeftDrawerTableViewController.h */,
				0FBBF71D1C78BD4700A0A2D1 /* CourtesyLeftDrawerTableViewController.m */,
			);
			name = "Left Drawer Table";
			sourceTree = "<group>";
		};
		0F18A0C61C795CF400FDFDF5 /* Github Web View */ = {
			isa = PBXGroup;
			children = (
				0FBBF7181C78BD4700A0A2D1 /* CourtesyGithubWebViewController.h */,
				0FBBF7191C78BD4700A0A2D1 /* CourtesyGithubWebViewController.m */,
			);
			name = "Github Web View";
			sourceTree = "<group>";
		};
		0F18A0C71C795D0F00FDFDF5 /* Animation Settings View */ = {
			isa = PBXGroup;
			children = (
				0FBBF71E1C78BD4700A0A2D1 /* CourtesyAnimationSettingsTableViewController.h */,
				0FBBF71F1C78BD4700A0A2D1 /* CourtesyAnimationSettingsTableViewController.m */,
			);
			name = "Animation Settings View";
			sourceTree = "<group>";
		};
		0F18A0C81C79653300FDFDF5 /* My View */ = {
			isa = PBXGroup;
			children = (
				0FBBCD5E1C798FFE008476FC /* QRCode View */,
				0F9E1D931C7C586C0024FC4F /* Outbox View */,
				0F9E1D921C7C58600024FC4F /* Inbox View */,
				0F62D3C41C7C6BFC0024F72E /* CourtesyMyTabBarController.h */,
				0F62D3C51C7C6BFC0024F72E /* CourtesyMyTabBarController.m */,
			);
			name = "My View";
			sourceTree = "<group>";
		};
		0F1EC3021C819E09005BDB72 /* Common View */ = {
			isa = PBXGroup;
			children = (
				0F1EC3031C819E66005BDB72 /* CourtesyPortraitViewController.h */,
				0F1EC3041C819E66005BDB72 /* CourtesyPortraitViewController.m */,
			);
			name = "Common View";
			sourceTree = "<group>";
		};
		0F3DA7E71C7C807800448055 /* Categories */ = {
			isa = PBXGroup;
			children = (
				0F0493211C7EB72800BCCBD2 /* UIView+FrameMethods.h */,
				0F0493221C7EB72800BCCBD2 /* UIView+FrameMethods.m */,
				0FBD32D31C7DEAF80025D501 /* NSDictionary+Subscript.h */,
				0FBD32D41C7DEAF80025D501 /* NSDictionary+Subscript.m */,
				0F6FE82C1C7F37F200AE178A /* NSNotificationCenter+Action.h */,
				0F6FE82D1C7F37F200AE178A /* NSNotificationCenter+Action.m */,
				0F575CA51C803C020035BD6C /* NSDate+Astro.h */,
				0F575CA61C803C020035BD6C /* NSDate+Astro.m */,
				0F8ED1251C82C33500371879 /* NSArray+QueryItems.h */,
				0F8ED1261C82C33500371879 /* NSArray+QueryItems.m */,
			);
			name = Categories;
			sourceTree = "<group>";
		};
		0F575C951C8020470035BD6C /* Birthday View */ = {
			isa = PBXGroup;
			children = (
				0F575C991C8020A30035BD6C /* CourtesyProfileBirthdayTableViewController.h */,
				0F575C9A1C8020A30035BD6C /* CourtesyProfileBirthdayTableViewController.m */,
			);
			name = "Birthday View";
			sourceTree = "<group>";
		};
		0F575C9C1C8028470035BD6C /* City View */ = {
			isa = PBXGroup;
			children = (
				0F575C9D1C80285C0035BD6C /* CourtesyProfileCityTableViewController.h */,
				0F575C9E1C80285C0035BD6C /* CourtesyProfileCityTableViewController.m */,
			);
			name = "City View";
			sourceTree = "<group>";
		};
		0F5CB1691C800D880098DA14 /* Nick View */ = {
			isa = PBXGroup;
			children = (
				0F5CB16A1C800DA60098DA14 /* CourtesyProfileNickTableViewController.h */,
				0F5CB16B1C800DA60098DA14 /* CourtesyProfileNickTableViewController.m */,
			);
			name = "Nick View";
			sourceTree = "<group>";
		};
		0F5CB16D1C800E8D0098DA14 /* Gender View */ = {
			isa = PBXGroup;
			children = (
				0F5CB16E1C800EA90098DA14 /* CourtesyProfileGenderTableViewController.h */,
				0F5CB16F1C800EA90098DA14 /* CourtesyProfileGenderTableViewController.m */,
			);
			name = "Gender View";
			sourceTree = "<group>";
		};
		0F5CB1711C8011A80098DA14 /* Mobile View */ = {
			isa = PBXGroup;
			children = (
				0F5CB1721C8011C70098DA14 /* CourtesyProfileMobileTableViewController.h */,
				0F5CB1731C8011C70098DA14 /* CourtesyProfileMobileTableViewController.m */,
			);
			name = "Mobile View";
			sourceTree = "<group>";
		};
		0F5CB1751C80125F0098DA14 /* Introduction View */ = {
			isa = PBXGroup;
			children = (
				0F5CB1761C8012790098DA14 /* CourtesyProfileIntroductionTableViewController.h */,
				0F5CB1771C8012790098DA14 /* CourtesyProfileIntroductionTableViewController.m */,
			);
			name = "Introduction View";
			sourceTree = "<group>";
		};
		0F8ED11D1C82A6E500371879 /* QRCode */ = {
			isa = PBXGroup;
			children = (
				0F8ED11F1C82A70800371879 /* CourtesyQRCodeModel.h */,
				0F8ED1201C82A70800371879 /* CourtesyQRCodeModel.m */,
			);
			name = QRCode;
			sourceTree = "<group>";
		};
		0F8ED1281C82C95C00371879 /* Card View */ = {
			isa = PBXGroup;
			children = (
				0F8ED12C1C82C9D700371879 /* Common View */,
				0F8ED12B1C82C9CB00371879 /* Edit View */,
				0F8ED12A1C82C97800371879 /* Explore View */,
				0F8ED12D1C82CA0000371879 /* Locked View */,
				0F8ED1291C82C96D00371879 /* Publish View */,
			);
			name = "Card View";
			sourceTree = "<group>";
		};
		0F8ED1291C82C96D00371879 /* Publish View */ = {
			isa = PBXGroup;
			children = (
			);
			name = "Publish View";
			sourceTree = "<group>";
		};
		0F8ED12A1C82C97800371879 /* Explore View */ = {
			isa = PBXGroup;
			children = (
			);
			name = "Explore View";
			sourceTree = "<group>";
		};
		0F8ED12B1C82C9CB00371879 /* Edit View */ = {
			isa = PBXGroup;
			children = (
			);
			name = "Edit View";
			sourceTree = "<group>";
		};
		0F8ED12C1C82C9D700371879 /* Common View */ = {
			isa = PBXGroup;
			children = (
			);
			name = "Common View";
			sourceTree = "<group>";
		};
		0F8ED12D1C82CA0000371879 /* Locked View */ = {
			isa = PBXGroup;
			children = (
			);
			name = "Locked View";
			sourceTree = "<group>";
		};
		0F9E1D8A1C7C4E760024FC4F /* Login View */ = {
			isa = PBXGroup;
			children = (
				0F3DA7D61C7C791B00448055 /* CourtesyLoginRegisterViewController.xib */,
				0F3DA7D91C7C797D00448055 /* CourtesyQuickLoginButton.h */,
				0F3DA7DA1C7C797D00448055 /* CourtesyQuickLoginButton.m */,
				0F3DA7DF1C7C7CED00448055 /* CourtesyLoginRegisterTextField.h */,
				0F3DA7E01C7C7CED00448055 /* CourtesyLoginRegisterTextField.m */,
				0F3DA7DC1C7C7B2600448055 /* CourtesyLoginRegisterViewController.h */,
				0F3DA7DD1C7C7B2600448055 /* CourtesyLoginRegisterViewController.m */,
			);
			name = "Login View";
			sourceTree = "<group>";
		};
		0F9E1D921C7C58600024FC4F /* Inbox View */ = {
			isa = PBXGroup;
			children = (
				0F9E1D951C7C59550024FC4F /* CourtesyMyInboxEmptyTipTableViewCell.h */,
				0F9E1D961C7C59550024FC4F /* CourtesyMyInboxEmptyTipTableViewCell.m */,
				0F9E1D8C1C7C583C0024FC4F /* CourtesyMyInboxTableViewController.h */,
				0F9E1D8D1C7C583C0024FC4F /* CourtesyMyInboxTableViewController.m */,
			);
			name = "Inbox View";
			sourceTree = "<group>";
		};
		0F9E1D931C7C586C0024FC4F /* Outbox View */ = {
			isa = PBXGroup;
			children = (
				0F9E1D9B1C7C598D0024FC4F /* CourtesyMyOutboxEmptyTipTableViewCell.h */,
				0F9E1D9C1C7C598D0024FC4F /* CourtesyMyOutboxEmptyTipTableViewCell.m */,
				0F9E1D8F1C7C58580024FC4F /* CourtesyMyOutboxTableViewController.h */,
				0F9E1D901C7C58580024FC4F /* CourtesyMyOutboxTableViewController.m */,
			);
			name = "Outbox View";
			sourceTree = "<group>";
		};
		0F9E1D941C7C58850024FC4F /* Star View */ = {
			isa = PBXGroup;
			children = (
				0FC6CF051C79DF7B007B666B /* CourtesyMyStarEmptyTipTableViewCell.h */,
				0FC6CF061C79DF7B007B666B /* CourtesyMyStarEmptyTipTableViewCell.m */,
				0F18A0CE1C7965D500FDFDF5 /* CourtesyMyStarTableViewController.h */,
				0F18A0CF1C7965D500FDFDF5 /* CourtesyMyStarTableViewController.m */,
			);
			name = "Star View";
			sourceTree = "<group>";
		};
		0FBA71601C7ACF5000053696 /* About View */ = {
			isa = PBXGroup;
			children = (
				0FBA71621C7AF97900053696 /* CourtesyAboutViewController.h */,
				0FBA71631C7AF97900053696 /* CourtesyAboutViewController.m */,
			);
			name = "About View";
			sourceTree = "<group>";
		};
		0FBA71611C7ACF5A00053696 /* Message Notification Settings View */ = {
			isa = PBXGroup;
			children = (
				0FBA71581C7ABA9C00053696 /* CourtesyMessageNotificationSettingsTableViewController.h */,
				0FBA71591C7ABA9C00053696 /* CourtesyMessageNotificationSettingsTableViewController.m */,
			);
			name = "Message Notification Settings View";
			sourceTree = "<group>";
		};
		0FBA71661C7B101B00053696 /* User Agreement View */ = {
			isa = PBXGroup;
			children = (
				0FBA71651C7B0E4E00053696 /* tos.html */,
				0FBA71671C7B104400053696 /* CourtesyUserAgreementWebViewController.h */,
				0FBA71681C7B104400053696 /* CourtesyUserAgreementWebViewController.m */,
			);
			name = "User Agreement View";
			sourceTree = "<group>";
		};
		0FBA716B1C7B244000053696 /* Views */ = {
			isa = PBXGroup;
			children = (
				0F1EC3021C819E09005BDB72 /* Common View */,
				0F8ED1281C82C95C00371879 /* Card View */,
				0F9E1D8A1C7C4E760024FC4F /* Login View */,
				0FBA717A1C7B4BFA00053696 /* Profile View */,
				0F18A0C51C795CCC00FDFDF5 /* Left Drawer Table */,
				0FBA71761C7B447C00053696 /* Gallery View */,
				0F18A0C81C79653300FDFDF5 /* My View */,
				0F9E1D941C7C58850024FC4F /* Star View */,
				0FC6CF081C79F483007B666B /* Settings View */,
				0F18A0C71C795D0F00FDFDF5 /* Animation Settings View */,
				0F18A0C61C795CF400FDFDF5 /* Github Web View */,
			);
			name = Views;
			sourceTree = "<group>";
		};
		0FBA716C1C7B245D00053696 /* Layouts */ = {
			isa = PBXGroup;
			children = (
				0FBBF7141C78BD4700A0A2D1 /* Drawers.storyboard */,
			);
			name = Layouts;
			sourceTree = "<group>";
		};
		0FBA716D1C7B247700053696 /* Resources */ = {
			isa = PBXGroup;
			children = (
				0FC6CF0E1C7A01E8007B666B /* kisssound.wav */,
				0FBBF7201C78BD4700A0A2D1 /* Images.xcassets */,
			);
			name = Resources;
			sourceTree = "<group>";
		};
		0FBA716E1C7B24B600053696 /* Global */ = {
			isa = PBXGroup;
			children = (
				0F9E1D8B1C7C51CE0024FC4F /* PrefixHeader.pch */,
				0FBBF7121C78BD4700A0A2D1 /* AppDelegate.h */,
				0FBBF7131C78BD4700A0A2D1 /* AppDelegate.m */,
				0F9E1D871C7C19CD0024FC4F /* GlobalSettings.h */,
				0F9E1D881C7C19CD0024FC4F /* GlobalSettings.m */,
			);
			name = Global;
			sourceTree = "<group>";
		};
		0FBA716F1C7B24D500053696 /* Utils */ = {
			isa = PBXGroup;
			children = (
				0F3DA7E71C7C807800448055 /* Categories */,
			);
			name = Utils;
			sourceTree = "<group>";
		};
		0FBA71761C7B447C00053696 /* Gallery View */ = {
			isa = PBXGroup;
			children = (
				0FBA71771C7B492300053696 /* CourtesyGalleryTableViewController.h */,
				0FBA71781C7B492300053696 /* CourtesyGalleryTableViewController.m */,
				0FBA717E1C7B5CD700053696 /* CourtesyGalleryEmptyTipTableViewCell.h */,
				0FBA717F1C7B5CD700053696 /* CourtesyGalleryEmptyTipTableViewCell.m */,
			);
			name = "Gallery View";
			sourceTree = "<group>";
		};
		0FBA717A1C7B4BFA00053696 /* Profile View */ = {
			isa = PBXGroup;
			children = (
				0F575C9C1C8028470035BD6C /* City View */,
				0F575C951C8020470035BD6C /* Birthday View */,
				0F5CB1751C80125F0098DA14 /* Introduction View */,
				0F5CB1711C8011A80098DA14 /* Mobile View */,
				0F5CB16D1C800E8D0098DA14 /* Gender View */,
				0F5CB1691C800D880098DA14 /* Nick View */,
				0F2B4D9F1C7FF72D00B65E48 /* CourtesyProfileTableViewController.h */,
				0F2B4DA01C7FF72D00B65E48 /* CourtesyProfileTableViewController.m */,
			);
			name = "Profile View";
			sourceTree = "<group>";
		};
		0FBBCD5E1C798FFE008476FC /* QRCode View */ = {
			isa = PBXGroup;
			children = (
				0FC6CF001C79B127007B666B /* CodeScan.bundle */,
				0FC6CF021C79B161007B666B /* CourtesyQRScanViewController.h */,
				0FC6CF031C79B161007B666B /* CourtesyQRScanViewController.m */,
			);
			name = "QRCode View";
			sourceTree = "<group>";
		};
		0FBBF7111C78BD4700A0A2D1 /* Courtesy */ = {
			isa = PBXGroup;
			children = (
				0FBA716E1C7B24B600053696 /* Global */,
				0FBA716D1C7B247700053696 /* Resources */,
				0FBA716C1C7B245D00053696 /* Layouts */,
				0FC910CD1C7C951F00CEF533 /* Models */,
				0FBA716B1C7B244000053696 /* Views */,
				0FBA716F1C7B24D500053696 /* Utils */,
				0FBBF72D1C78BD6C00A0A2D1 /* Supporting Files */,
			);
			path = Courtesy;
			sourceTree = "<group>";
		};
		0FBBF72D1C78BD6C00A0A2D1 /* Supporting Files */ = {
			isa = PBXGroup;
			children = (
				0FBBF7301C78BFA200A0A2D1 /* Courtesy.entitlements */,
				0F575CA01C802CA50035BD6C /* area.plist */,
				0FBBF7211C78BD4700A0A2D1 /* Info.plist */,
				0FBBF7221C78BD4700A0A2D1 /* main.m */,
			);
			name = "Supporting Files";
			sourceTree = "<group>";
		};
		0FBC36BE1C7D73AC00057EBE /* Common */ = {
			isa = PBXGroup;
			children = (
				0F176CC51C7DAAE300172928 /* CourtesyCommonRequestModel.h */,
				0F176CC61C7DAAE300172928 /* CourtesyCommonRequestModel.m */,
			);
			name = Common;
			sourceTree = "<group>";
		};
		0FC6CF081C79F483007B666B /* Settings View */ = {
			isa = PBXGroup;
			children = (
				0FD020581C8144C20069AB72 /* Account Settings */,
				0FBA71661C7B101B00053696 /* User Agreement View */,
				0FBA71611C7ACF5A00053696 /* Message Notification Settings View */,
				0FBA71601C7ACF5000053696 /* About View */,
				0FC6CF091C79F4B0007B666B /* CourtesySettingsTableViewController.h */,
				0FC6CF0A1C79F4B0007B666B /* CourtesySettingsTableViewController.m */,
			);
			name = "Settings View";
			sourceTree = "<group>";
		};
		0FC910CD1C7C951F00CEF533 /* Models */ = {
			isa = PBXGroup;
			children = (
				0FBC36BE1C7D73AC00057EBE /* Common */,
				0F176CD21C7DB13200172928 /* Login and Register */,
				0F0493241C7EDA7D00BCCBD2 /* Profile and Avatar */,
				0FC910CE1C7C952900CEF533 /* Account Info */,
				0F8ED11D1C82A6E500371879 /* QRCode */,
			);
			name = Models;
			sourceTree = "<group>";
		};
		0FC910CE1C7C952900CEF533 /* Account Info */ = {
			isa = PBXGroup;
			children = (
				0FC910CF1C7C955700CEF533 /* CourtesyAccountModel.h */,
				0FC910D01C7C955700CEF533 /* CourtesyAccountModel.m */,
			);
			name = "Account Info";
			sourceTree = "<group>";
		};
		0FD020581C8144C20069AB72 /* Account Settings */ = {
			isa = PBXGroup;
			children = (
				0FD020591C8144F80069AB72 /* CourtesyAccountSettingsTableViewController.h */,
				0FD0205A1C8144F80069AB72 /* CourtesyAccountSettingsTableViewController.m */,
			);
			name = "Account Settings";
			sourceTree = "<group>";
		};
		2CE7E6541A62D8470072121A = {
			isa = PBXGroup;
			children = (
				0FBBF7111C78BD4700A0A2D1 /* Courtesy */,
				2CE7E65E1A62D8470072121A /* Products */,
				50FC48022AA947626047C50A /* Pods */,
				45444505B80B6AF6A0D335BE /* Frameworks */,
			);
			sourceTree = "<group>";
		};
		2CE7E65E1A62D8470072121A /* Products */ = {
			isa = PBXGroup;
			children = (
				2CE7E65D1A62D8470072121A /* 礼记.app */,
			);
			name = Products;
			sourceTree = "<group>";
		};
		45444505B80B6AF6A0D335BE /* Frameworks */ = {
			isa = PBXGroup;
			children = (
				0FD0205C1C81733E0069AB72 /* SystemConfiguration.framework */,
				0FBA71731C7B2A0400053696 /* MessageUI.framework */,
				0FBBF72E1C78BFA200A0A2D1 /* AudioToolbox.framework */,
				4F634EFABF4A9FFF86FA2638 /* libPods-Courtesy.a */,
			);
			name = Frameworks;
			sourceTree = "<group>";
		};
		50FC48022AA947626047C50A /* Pods */ = {
			isa = PBXGroup;
			children = (
				F79D89D6F986E82FABAC7E77 /* Pods-Courtesy.debug.xcconfig */,
				05940789181F806AF4D4F3D2 /* Pods-Courtesy.release.xcconfig */,
			);
			name = Pods;
			sourceTree = "<group>";
		};
/* End PBXGroup section */

/* Begin PBXNativeTarget section */
		2CE7E65C1A62D8470072121A /* Courtesy */ = {
			isa = PBXNativeTarget;
			buildConfigurationList = 2CE7E6801A62D8480072121A /* Build configuration list for PBXNativeTarget "Courtesy" */;
			buildPhases = (
				5387F51B96BADF6420737642 /* Check Pods Manifest.lock */,
				2CE7E6591A62D8470072121A /* Sources */,
				2CE7E65A1A62D8470072121A /* Frameworks */,
				2CE7E65B1A62D8470072121A /* Resources */,
				783AEA0CD6B8193ECAE917EA /* Copy Pods Resources */,
			);
			buildRules = (
			);
			dependencies = (
			);
			name = Courtesy;
			productName = JVFloatingDrawer;
			productReference = 2CE7E65D1A62D8470072121A /* 礼记.app */;
			productType = "com.apple.product-type.application";
		};
/* End PBXNativeTarget section */

/* Begin PBXProject section */
		2CE7E6551A62D8470072121A /* Project object */ = {
			isa = PBXProject;
			attributes = {
				CLASSPREFIX = Courtesy;
				LastUpgradeCheck = 0720;
				ORGANIZATIONNAME = 82Flex;
				TargetAttributes = {
					2CE7E65C1A62D8470072121A = {
						CreatedOnToolsVersion = 6.1.1;
						DevelopmentTeam = GXZ23M5TP2;
						SystemCapabilities = {
							com.apple.InterAppAudio = {
								enabled = 1;
							};
							com.apple.Push = {
								enabled = 1;
							};
						};
					};
				};
			};
			buildConfigurationList = 2CE7E6581A62D8470072121A /* Build configuration list for PBXProject "Courtesy" */;
			compatibilityVersion = "Xcode 3.2";
			developmentRegion = English;
			hasScannedForEncodings = 0;
			knownRegions = (
				Base,
			);
			mainGroup = 2CE7E6541A62D8470072121A;
			productRefGroup = 2CE7E65E1A62D8470072121A /* Products */;
			projectDirPath = "";
			projectRoot = "";
			targets = (
				2CE7E65C1A62D8470072121A /* Courtesy */,
			);
		};
/* End PBXProject section */

/* Begin PBXResourcesBuildPhase section */
		2CE7E65B1A62D8470072121A /* Resources */ = {
			isa = PBXResourcesBuildPhase;
			buildActionMask = 2147483647;
			files = (
				0FBA716A1C7B14AC00053696 /* tos.html in Resources */,
				0F3DA7D71C7C791B00448055 /* CourtesyLoginRegisterViewController.xib in Resources */,
				0FC6CF0F1C7A01E8007B666B /* kisssound.wav in Resources */,
				0FBBF7241C78BD4700A0A2D1 /* Drawers.storyboard in Resources */,
				0F575CA11C802CA50035BD6C /* area.plist in Resources */,
				0FBBF72A1C78BD4700A0A2D1 /* Images.xcassets in Resources */,
				0FC6CF011C79B127007B666B /* CodeScan.bundle in Resources */,
			);
			runOnlyForDeploymentPostprocessing = 0;
		};
/* End PBXResourcesBuildPhase section */

/* Begin PBXShellScriptBuildPhase section */
		5387F51B96BADF6420737642 /* Check Pods Manifest.lock */ = {
			isa = PBXShellScriptBuildPhase;
			buildActionMask = 2147483647;
			files = (
			);
			inputPaths = (
			);
			name = "Check Pods Manifest.lock";
			outputPaths = (
			);
			runOnlyForDeploymentPostprocessing = 0;
			shellPath = /bin/sh;
			shellScript = "diff \"${PODS_ROOT}/../Podfile.lock\" \"${PODS_ROOT}/Manifest.lock\" > /dev/null\nif [[ $? != 0 ]] ; then\n    cat << EOM\nerror: The sandbox is not in sync with the Podfile.lock. Run 'pod install' or update your CocoaPods installation.\nEOM\n    exit 1\nfi\n";
			showEnvVarsInLog = 0;
		};
		783AEA0CD6B8193ECAE917EA /* Copy Pods Resources */ = {
			isa = PBXShellScriptBuildPhase;
			buildActionMask = 2147483647;
			files = (
			);
			inputPaths = (
			);
			name = "Copy Pods Resources";
			outputPaths = (
			);
			runOnlyForDeploymentPostprocessing = 0;
			shellPath = /bin/sh;
			shellScript = "\"${SRCROOT}/Pods/Target Support Files/Pods-Courtesy/Pods-Courtesy-resources.sh\"\n";
			showEnvVarsInLog = 0;
		};
/* End PBXShellScriptBuildPhase section */

/* Begin PBXSourcesBuildPhase section */
		2CE7E6591A62D8470072121A /* Sources */ = {
			isa = PBXSourcesBuildPhase;
			buildActionMask = 2147483647;
			files = (
				0F575C9B1C8020A30035BD6C /* CourtesyProfileBirthdayTableViewController.m in Sources */,
				0F9E1D891C7C19CD0024FC4F /* GlobalSettings.m in Sources */,
				0F3DA7DE1C7C7B2600448055 /* CourtesyLoginRegisterViewController.m in Sources */,
				0F3DA7E11C7C7CED00448055 /* CourtesyLoginRegisterTextField.m in Sources */,
				0F575CA71C803C020035BD6C /* NSDate+Astro.m in Sources */,
				0FBA71801C7B5CD700053696 /* CourtesyGalleryEmptyTipTableViewCell.m in Sources */,
				0FBC36B31C7D664400057EBE /* CourtesyAccountProfileModel.m in Sources */,
				0F18A0D01C7965D500FDFDF5 /* CourtesyMyStarTableViewController.m in Sources */,
				0F62D3C61C7C6BFC0024F72E /* CourtesyMyTabBarController.m in Sources */,
				0FBA715A1C7ABA9C00053696 /* CourtesyMessageNotificationSettingsTableViewController.m in Sources */,
				0F9E1D911C7C58580024FC4F /* CourtesyMyOutboxTableViewController.m in Sources */,
				0F9E1D9D1C7C598D0024FC4F /* CourtesyMyOutboxEmptyTipTableViewCell.m in Sources */,
				0F8ED1211C82A70800371879 /* CourtesyQRCodeModel.m in Sources */,
				0F575C9F1C80285C0035BD6C /* CourtesyProfileCityTableViewController.m in Sources */,
				0F6FE82E1C7F37F200AE178A /* NSNotificationCenter+Action.m in Sources */,
				0F5CB1741C8011C70098DA14 /* CourtesyProfileMobileTableViewController.m in Sources */,
				0F2B4DA11C7FF72D00B65E48 /* CourtesyProfileTableViewController.m in Sources */,
				0FBBF7261C78BD4700A0A2D1 /* CourtesyGithubWebViewController.m in Sources */,
				0F8ED1271C82C33500371879 /* NSArray+QueryItems.m in Sources */,
				0FBA71791C7B492300053696 /* CourtesyGalleryTableViewController.m in Sources */,
				0F5CB16C1C800DA60098DA14 /* CourtesyProfileNickTableViewController.m in Sources */,
				0F18A0D31C7982E900FDFDF5 /* CourtesyLeftDrawerAvatarTableViewCell.m in Sources */,
				0F176CD11C7DAEC300172928 /* CourtesyLoginRegisterModel.m in Sources */,
				0FBA71691C7B104400053696 /* CourtesyUserAgreementWebViewController.m in Sources */,
				0F5CB1781C8012790098DA14 /* CourtesyProfileIntroductionTableViewController.m in Sources */,
				0FBD32D51C7DEAF80025D501 /* NSDictionary+Subscript.m in Sources */,
				0FBBF7271C78BD4700A0A2D1 /* CourtesyLeftDrawerMenuTableViewCell.m in Sources */,
				0F9E1D8E1C7C583C0024FC4F /* CourtesyMyInboxTableViewController.m in Sources */,
				0F9E1D971C7C59550024FC4F /* CourtesyMyInboxEmptyTipTableViewCell.m in Sources */,
				0F3DA7DB1C7C797D00448055 /* CourtesyQuickLoginButton.m in Sources */,
				0FBBF7291C78BD4700A0A2D1 /* CourtesyAnimationSettingsTableViewController.m in Sources */,
				0FBBF7231C78BD4700A0A2D1 /* AppDelegate.m in Sources */,
				0F5CB1701C800EA90098DA14 /* CourtesyProfileGenderTableViewController.m in Sources */,
				0FC6CF071C79DF7B007B666B /* CourtesyMyStarEmptyTipTableViewCell.m in Sources */,
				0F0493231C7EB72800BCCBD2 /* UIView+FrameMethods.m in Sources */,
				0FBA71641C7AF97900053696 /* CourtesyAboutViewController.m in Sources */,
				0FC6CF0B1C79F4B0007B666B /* CourtesySettingsTableViewController.m in Sources */,
				0FC6CF041C79B161007B666B /* CourtesyQRScanViewController.m in Sources */,
				0F176CC71C7DAAE300172928 /* CourtesyCommonRequestModel.m in Sources */,
				0FBBF72C1C78BD4700A0A2D1 /* main.m in Sources */,
				0FD0205B1C8144F80069AB72 /* CourtesyAccountSettingsTableViewController.m in Sources */,
				0FC910D11C7C955700CEF533 /* CourtesyAccountModel.m in Sources */,
				0F1EC3051C819E66005BDB72 /* CourtesyPortraitViewController.m in Sources */,
				0FBBF7281C78BD4700A0A2D1 /* CourtesyLeftDrawerTableViewController.m in Sources */,
			);
			runOnlyForDeploymentPostprocessing = 0;
		};
/* End PBXSourcesBuildPhase section */

/* Begin PBXVariantGroup section */
		0FBBF7141C78BD4700A0A2D1 /* Drawers.storyboard */ = {
			isa = PBXVariantGroup;
			children = (
				0FBBF7151C78BD4700A0A2D1 /* Base */,
			);
			name = Drawers.storyboard;
			sourceTree = "<group>";
		};
/* End PBXVariantGroup section */

/* Begin XCBuildConfiguration section */
		2CE7E67E1A62D8480072121A /* Debug */ = {
			isa = XCBuildConfiguration;
			buildSettings = {
				ALWAYS_SEARCH_USER_PATHS = NO;
				CLANG_CXX_LANGUAGE_STANDARD = "gnu++0x";
				CLANG_CXX_LIBRARY = "libc++";
				CLANG_ENABLE_MODULES = YES;
				CLANG_ENABLE_OBJC_ARC = YES;
				CLANG_WARN_BOOL_CONVERSION = YES;
				CLANG_WARN_CONSTANT_CONVERSION = YES;
				CLANG_WARN_DIRECT_OBJC_ISA_USAGE = YES_ERROR;
				CLANG_WARN_EMPTY_BODY = YES;
				CLANG_WARN_ENUM_CONVERSION = YES;
				CLANG_WARN_INT_CONVERSION = YES;
				CLANG_WARN_OBJC_ROOT_CLASS = YES_ERROR;
				CLANG_WARN_UNREACHABLE_CODE = YES;
				CLANG_WARN__DUPLICATE_METHOD_MATCH = YES;
				"CODE_SIGN_IDENTITY[sdk=iphoneos*]" = "iPhone Developer";
				COPY_PHASE_STRIP = NO;
				ENABLE_BITCODE = NO;
				ENABLE_STRICT_OBJC_MSGSEND = YES;
				ENABLE_TESTABILITY = YES;
				GCC_C_LANGUAGE_STANDARD = gnu99;
				GCC_DYNAMIC_NO_PIC = NO;
				GCC_OPTIMIZATION_LEVEL = 0;
				GCC_PREFIX_HEADER = "$(SRCROOT)/Courtesy/PrefixHeader.pch";
				GCC_PREPROCESSOR_DEFINITIONS = (
					"DEBUG=1",
					"$(inherited)",
				);
				GCC_SYMBOLS_PRIVATE_EXTERN = NO;
				GCC_WARN_64_TO_32_BIT_CONVERSION = YES;
				GCC_WARN_ABOUT_RETURN_TYPE = YES_ERROR;
				GCC_WARN_UNDECLARED_SELECTOR = YES;
				GCC_WARN_UNINITIALIZED_AUTOS = YES_AGGRESSIVE;
				GCC_WARN_UNUSED_FUNCTION = YES;
				GCC_WARN_UNUSED_VARIABLE = YES;
				IPHONEOS_DEPLOYMENT_TARGET = 9.0;
				MTL_ENABLE_DEBUG_INFO = YES;
				ONLY_ACTIVE_ARCH = YES;
				SDKROOT = iphoneos;
				TARGETED_DEVICE_FAMILY = "1,2";
			};
			name = Debug;
		};
		2CE7E67F1A62D8480072121A /* Release */ = {
			isa = XCBuildConfiguration;
			buildSettings = {
				ALWAYS_SEARCH_USER_PATHS = NO;
				CLANG_CXX_LANGUAGE_STANDARD = "gnu++0x";
				CLANG_CXX_LIBRARY = "libc++";
				CLANG_ENABLE_MODULES = YES;
				CLANG_ENABLE_OBJC_ARC = YES;
				CLANG_WARN_BOOL_CONVERSION = YES;
				CLANG_WARN_CONSTANT_CONVERSION = YES;
				CLANG_WARN_DIRECT_OBJC_ISA_USAGE = YES_ERROR;
				CLANG_WARN_EMPTY_BODY = YES;
				CLANG_WARN_ENUM_CONVERSION = YES;
				CLANG_WARN_INT_CONVERSION = YES;
				CLANG_WARN_OBJC_ROOT_CLASS = YES_ERROR;
				CLANG_WARN_UNREACHABLE_CODE = YES;
				CLANG_WARN__DUPLICATE_METHOD_MATCH = YES;
				"CODE_SIGN_IDENTITY[sdk=iphoneos*]" = "iPhone Developer";
				COPY_PHASE_STRIP = YES;
				ENABLE_BITCODE = NO;
				ENABLE_NS_ASSERTIONS = NO;
				ENABLE_STRICT_OBJC_MSGSEND = YES;
				GCC_C_LANGUAGE_STANDARD = gnu99;
				GCC_PREFIX_HEADER = "$(SRCROOT)/Courtesy/PrefixHeader.pch";
				GCC_WARN_64_TO_32_BIT_CONVERSION = YES;
				GCC_WARN_ABOUT_RETURN_TYPE = YES_ERROR;
				GCC_WARN_UNDECLARED_SELECTOR = YES;
				GCC_WARN_UNINITIALIZED_AUTOS = YES_AGGRESSIVE;
				GCC_WARN_UNUSED_FUNCTION = YES;
				GCC_WARN_UNUSED_VARIABLE = YES;
				IPHONEOS_DEPLOYMENT_TARGET = 9.0;
				MTL_ENABLE_DEBUG_INFO = NO;
				SDKROOT = iphoneos;
				TARGETED_DEVICE_FAMILY = "1,2";
				VALIDATE_PRODUCT = YES;
			};
			name = Release;
		};
		2CE7E6811A62D8480072121A /* Debug */ = {
			isa = XCBuildConfiguration;
			baseConfigurationReference = F79D89D6F986E82FABAC7E77 /* Pods-Courtesy.debug.xcconfig */;
			buildSettings = {
				ASSETCATALOG_COMPILER_APPICON_NAME = AppIcon;
				ASSETCATALOG_COMPILER_LAUNCHIMAGE_NAME = LaunchImage;
				CODE_SIGN_ENTITLEMENTS = Courtesy/Courtesy.entitlements;
				CODE_SIGN_IDENTITY = "iPhone Developer";
				"CODE_SIGN_IDENTITY[sdk=iphoneos*]" = "iPhone Developer";
				DEBUG_INFORMATION_FORMAT = dwarf;
				ENABLE_BITCODE = NO;
				INFOPLIST_FILE = "$(SRCROOT)/Courtesy/Info.plist";
				IPHONEOS_DEPLOYMENT_TARGET = 9.0;
				LD_RUNPATH_SEARCH_PATHS = "$(inherited) @executable_path/Frameworks";
				OTHER_LDFLAGS = "$(inherited)";
				PRODUCT_BUNDLE_IDENTIFIER = com.darwin.courtesy;
				PRODUCT_NAME = "礼记";
				PROVISIONING_PROFILE = "0cba3284-9c0c-4447-84f6-c2facec8e6e9";
				TARGETED_DEVICE_FAMILY = "1,2";
			};
			name = Debug;
		};
		2CE7E6821A62D8480072121A /* Release */ = {
			isa = XCBuildConfiguration;
			baseConfigurationReference = 05940789181F806AF4D4F3D2 /* Pods-Courtesy.release.xcconfig */;
			buildSettings = {
				ASSETCATALOG_COMPILER_APPICON_NAME = AppIcon;
				ASSETCATALOG_COMPILER_LAUNCHIMAGE_NAME = LaunchImage;
				CODE_SIGN_ENTITLEMENTS = Courtesy/Courtesy.entitlements;
				CODE_SIGN_IDENTITY = "iPhone Developer";
				"CODE_SIGN_IDENTITY[sdk=iphoneos*]" = "iPhone Developer";
				DEBUG_INFORMATION_FORMAT = dwarf;
				ENABLE_BITCODE = NO;
				INFOPLIST_FILE = "$(SRCROOT)/Courtesy/Info.plist";
				IPHONEOS_DEPLOYMENT_TARGET = 9.0;
				LD_RUNPATH_SEARCH_PATHS = "$(inherited) @executable_path/Frameworks";
				OTHER_LDFLAGS = "$(inherited)";
				PRODUCT_BUNDLE_IDENTIFIER = com.darwin.courtesy;
				PRODUCT_NAME = "礼记";
				PROVISIONING_PROFILE = "0cba3284-9c0c-4447-84f6-c2facec8e6e9";
				TARGETED_DEVICE_FAMILY = "1,2";
			};
			name = Release;
		};
/* End XCBuildConfiguration section */

/* Begin XCConfigurationList section */
		2CE7E6581A62D8470072121A /* Build configuration list for PBXProject "Courtesy" */ = {
			isa = XCConfigurationList;
			buildConfigurations = (
				2CE7E67E1A62D8480072121A /* Debug */,
				2CE7E67F1A62D8480072121A /* Release */,
			);
			defaultConfigurationIsVisible = 0;
			defaultConfigurationName = Release;
		};
		2CE7E6801A62D8480072121A /* Build configuration list for PBXNativeTarget "Courtesy" */ = {
			isa = XCConfigurationList;
			buildConfigurations = (
				2CE7E6811A62D8480072121A /* Debug */,
				2CE7E6821A62D8480072121A /* Release */,
			);
			defaultConfigurationIsVisible = 0;
			defaultConfigurationName = Release;
		};
/* End XCConfigurationList section */
	};
	rootObject = 2CE7E6551A62D8470072121A /* Project object */;
}
